
Microsoft Visual Studio Solution File, Format Version 12.00
# Visual Studio Version 16
VisualStudioVersion = 16.0.809.0
MinimumVisualStudioVersion = 10.0.40219.1
Project("{FAE04EC0-301F-11D3-BF4B-00C04F79EFBC}") = "perftest", "dotnet\perftest.csproj", "{50F102FB-3524-4DE8-B0EF-ABC0DCCD9787}"
EndProject
Project("{FAE04EC0-301F-11D3-BF4B-00C04F79EFBC}") = "bindings-test", "..\bindings-test\dotnet\macOS\bindings-test.csproj", "{FFA03CF5-B981-4645-9BCD-4B22A626362E}"
EndProject
Global
	GlobalSection(SolutionConfigurationPlatforms) = preSolution
		Debug|Any CPU = Debug|Any CPU
		Release|Any CPU = Release|Any CPU
	EndGlobalSection
	GlobalSection(ProjectConfigurationPlatforms) = postSolution
		{50F102FB-3524-4DE8-B0EF-ABC0DCCD9787}.Debug|Any CPU.ActiveCfg = Debug|Any CPU
		{50F102FB-3524-4DE8-B0EF-ABC0DCCD9787}.Debug|Any CPU.Build.0 = Debug|Any CPU
		{50F102FB-3524-4DE8-B0EF-ABC0DCCD9787}.Release|Any CPU.ActiveCfg = Release|Any CPU
		{50F102FB-3524-4DE8-B0EF-ABC0DCCD9787}.Release|Any CPU.Build.0 = Release|Any CPU
		{FFA03CF5-B981-4645-9BCD-4B22A626362E}.Debug|Any CPU.ActiveCfg = Debug|Any CPU
		{FFA03CF5-B981-4645-9BCD-4B22A626362E}.Debug|Any CPU.Build.0 = Debug|Any CPU
		{FFA03CF5-B981-4645-9BCD-4B22A626362E}.Release|Any CPU.ActiveCfg = Release|Any CPU
		{FFA03CF5-B981-4645-9BCD-4B22A626362E}.Release|Any CPU.Build.0 = Release|Any CPU
	EndGlobalSection
	GlobalSection(SolutionProperties) = preSolution
		HideSolutionNode = FALSE
	EndGlobalSection
	GlobalSection(ExtensibilityGlobals) = postSolution
		SolutionGuid = {48F1A3C6-A4E5-4275-B618-0086928DDDCE}
	EndGlobalSection
EndGlobal
