
Microsoft Visual Studio Solution File, Format Version 11.00
# Visual Studio 2010
Project("{FAE04EC0-301F-11D3-BF4B-00C04F79EFBC}") = "monotouch-test", "monotouch-test\monotouch-test.csproj", "{AC6D070F-2ED4-4701-B701-81915B931D1D}"
EndProject
Project("{FAE04EC0-301F-11D3-BF4B-00C04F79EFBC}") = "framework-test", "framework-test\iOS\framework-test-ios.csproj", "{2ECCE3D0-AAD1-46B9-B190-B567249DCF9C}"
EndProject
Project("{F2A71F9B-5D33-465A-A702-920D77279786}") = "fsharp", "fsharp\fsharp.fsproj", "{7862FE5A-530A-4651-825F-C80836B0A3A1}"
EndProject
Project("{FAE04EC0-301F-11D3-BF4B-00C04F79EFBC}") = "BundledResources", "BundledResources\BundledResources.csproj", "{FE6EDEE9-ADF6-4F42-BCF2-B68C0A44EC3D}"
EndProject
Project("{FAE04EC0-301F-11D3-BF4B-00C04F79EFBC}") = "EmbeddedResources", "EmbeddedResources\EmbeddedResources.csproj", "{676F527D-3352-42EA-9DE2-181C45003568}"
EndProject
Project("{FAE04EC0-301F-11D3-BF4B-00C04F79EFBC}") = "bindings-test", "bindings-test\iOS\bindings-test.csproj", "{D6667423-EDD8-4B50-9D98-1AC5D8A8A4EA}"
EndProject
Project("{FAE04EC0-301F-11D3-BF4B-00C04F79EFBC}") = "bindings-framework-test", "bindings-framework-test\iOS\bindings-framework-test.csproj", "{E40B0B77-3467-4891-9117-7AF8F248E306}"
EndProject
Project("{F2A71F9B-5D33-465A-A702-920D77279786}") = "fsharplibrary", "fsharplibrary\fsharplibrary.fsproj", "{C7212169-BA46-413B-91CD-A32C52AD5E0D}"
EndProject
Project("{FAE04EC0-301F-11D3-BF4B-00C04F79EFBC}") = "introspection-ios", "introspection\iOS\introspection-ios.csproj", "{208744BD-504E-47D7-9A98-1CF02454A6DA}"
EndProject
Project("{FAE04EC0-301F-11D3-BF4B-00C04F79EFBC}") = "dont link", "linker\ios\dont link\dont link.csproj", "{839212D5-C25B-4284-AA96-59C3872B8184}"
EndProject
Project("{FAE04EC0-301F-11D3-BF4B-00C04F79EFBC}") = "link all", "linker\ios\link all\link all.csproj", "{370CC763-EDC3-41DA-A21A-D4C82CABEFE4}"
EndProject
Project("{FAE04EC0-301F-11D3-BF4B-00C04F79EFBC}") = "link sdk", "linker\ios\link sdk\link sdk.csproj", "{C47F8F72-A7CA-4149-AA7D-BC4814803EF3}"
EndProject
Project("{FAE04EC0-301F-11D3-BF4B-00C04F79EFBC}") = "mtouchtests", "mtouch\mtouchtests.csproj", "{9A1177F5-16E6-45DE-AA69-DC9924EC39B8}"
EndProject
Project("{FAE04EC0-301F-11D3-BF4B-00C04F79EFBC}") = "testgenerator", "test-libraries\testgenerator.csproj", "{CD430449-8E59-4ECD-ADD9-ACF79E9E660B}"
EndProject
Project("{FAE04EC0-301F-11D3-BF4B-00C04F79EFBC}") = "sampletester", "sampletester\sampletester.csproj", "{7340A1C6-61A5-42D2-9DBC-6688D2E70F62}"
EndProject
Project("{FAE04EC0-301F-11D3-BF4B-00C04F79EFBC}") = "cecil-tests", "cecil-tests\cecil-tests.csproj", "{0C979851-15E9-4BB6-AD79-5F0C7DF69456}"
EndProject
Project("{FAE04EC0-301F-11D3-BF4B-00C04F79EFBC}") = "mscorlib Part 1", "bcl-test\generated\iOS\mscorlib Part 1\mscorlib Part 1.csproj", "{831EF5B4-562E-4D83-28A1-072A1EA62614}"
EndProject
Project("{9344BDBB-3E7F-41FC-A0DD-8665D75EE146}") = "mscorlib Part 2", "bcl-test\generated\iOS\mscorlib Part 2\mscorlib Part 2.csproj", "{DA109EA4-9480-4781-A08A-2E3EB90EB9D9}"
EndProject
Project("{9344BDBB-3E7F-41FC-A0DD-8665D75EE146}") = "BCL tests group 1", "bcl-test\generated\iOS\BCL tests group 1\BCL tests group 1.csproj", "{1F505595-04F0-4B02-8852-3E9225DE9C89}"
EndProject
Project("{9344BDBB-3E7F-41FC-A0DD-8665D75EE146}") = "BCL tests group 2", "bcl-test\generated\iOS\BCL tests group 2\BCL tests group 2.csproj", "{6027FD99-39A1-4325-875A-AC02C0D4D177}"
EndProject
Project("{9344BDBB-3E7F-41FC-A0DD-8665D75EE146}") = "BCL tests group 3", "bcl-test\generated\iOS\BCL tests group 3\BCL tests group 3.csproj", "{913249DE-D559-430E-873F-9C20ED4EF9B8}"
EndProject
Project("{FAE04EC0-301F-11D3-BF4B-00C04F79EFBC}") = "BCL tests group 4", "bcl-test\generated\iOS\BCL tests group 4\BCL tests group 4.csproj", "{1AD2FA2A-26A2-317F-96B9-0E9B994F5C8D}"
EndProject
Project("{FAE04EC0-301F-11D3-BF4B-00C04F79EFBC}") = "BCL tests group 5", "bcl-test\generated\iOS\BCL tests group 5\BCL tests group 5.csproj", "{9F163330-6AC4-85B4-4C4C-9B8E772BBA1F}"
EndProject
Project("{FAE04EC0-301F-11D3-BF4B-00C04F79EFBC}") = "SystemCoreXunit Part 1", "bcl-test\generated\iOS\SystemCoreXunit Part 1\SystemCoreXunit Part 1.csproj", "{95B73E69-2E60-E9E3-9FE3-9079B1E509AA}"
EndProject
Project("{FAE04EC0-301F-11D3-BF4B-00C04F79EFBC}") = "SystemCoreXunit Part 2", "bcl-test\generated\iOS\SystemCoreXunit Part 2\SystemCoreXunit Part 2.csproj", "{5841F8C4-9B59-1AC9-C303-C6BFF94B3D7F}"
EndProject
Project("{FAE04EC0-301F-11D3-BF4B-00C04F79EFBC}") = "Touch.Client-iOS", "..\external\Touch.Unit\Touch.Client\iOS\Touch.Client-iOS.csproj", "{F611ED96-54B5-4975-99BB-12F50AF95936}"
EndProject
Project("{FAE04EC0-301F-11D3-BF4B-00C04F79EFBC}") = "xcframework-test", "xcframework-test\iOS\xcframework-test-ios.csproj", "{2ECCE3D0-AAD1-46B9-B190-B567249DCF9D}"
EndProject
Project("{FAE04EC0-301F-11D3-BF4B-00C04F79EFBC}") = "bindings-xcframework-test", "bindings-xcframework-test\iOS\bindings-xcframework-test.csproj", "{E40B0B77-3467-4891-9117-7AF8F248E307}"
EndProject
Global
	GlobalSection(SolutionConfigurationPlatforms) = preSolution
		Debug|iPhoneSimulator = Debug|iPhoneSimulator
		Release|iPhoneSimulator = Release|iPhoneSimulator
		Debug|iPhone = Debug|iPhone
		Release|iPhone = Release|iPhone
		Debug|Any CPU = Debug|Any CPU
		Release|Any CPU = Release|Any CPU
	EndGlobalSection
	GlobalSection(ProjectConfigurationPlatforms) = postSolution
		{AC6D070F-2ED4-4701-B701-81915B931D1D}.Debug|iPhone.ActiveCfg = Debug|iPhone
		{AC6D070F-2ED4-4701-B701-81915B931D1D}.Debug|iPhone.Build.0 = Debug|iPhone
		{AC6D070F-2ED4-4701-B701-81915B931D1D}.Debug|iPhoneSimulator.ActiveCfg = Debug|iPhoneSimulator
		{AC6D070F-2ED4-4701-B701-81915B931D1D}.Debug|iPhoneSimulator.Build.0 = Debug|iPhoneSimulator
		{AC6D070F-2ED4-4701-B701-81915B931D1D}.Release|iPhone.ActiveCfg = Release|iPhone
		{AC6D070F-2ED4-4701-B701-81915B931D1D}.Release|iPhone.Build.0 = Release|iPhone
		{AC6D070F-2ED4-4701-B701-81915B931D1D}.Release|iPhoneSimulator.ActiveCfg = Release|iPhoneSimulator
		{AC6D070F-2ED4-4701-B701-81915B931D1D}.Release|iPhoneSimulator.Build.0 = Release|iPhoneSimulator
		{2ECCE3D0-AAD1-46B9-B190-B567249DCF9C}.Debug|iPhone.ActiveCfg = Debug|iPhone
		{2ECCE3D0-AAD1-46B9-B190-B567249DCF9C}.Debug|iPhone.Build.0 = Debug|iPhone
		{2ECCE3D0-AAD1-46B9-B190-B567249DCF9C}.Debug|iPhoneSimulator.ActiveCfg = Debug|iPhoneSimulator
		{2ECCE3D0-AAD1-46B9-B190-B567249DCF9C}.Debug|iPhoneSimulator.Build.0 = Debug|iPhoneSimulator
		{2ECCE3D0-AAD1-46B9-B190-B567249DCF9C}.Release|iPhone.ActiveCfg = Release|iPhone
		{2ECCE3D0-AAD1-46B9-B190-B567249DCF9C}.Release|iPhone.Build.0 = Release|iPhone
		{2ECCE3D0-AAD1-46B9-B190-B567249DCF9C}.Release|iPhoneSimulator.ActiveCfg = Release|iPhoneSimulator
		{2ECCE3D0-AAD1-46B9-B190-B567249DCF9C}.Release|iPhoneSimulator.Build.0 = Release|iPhoneSimulator
		{5BDBB8B4-5D6B-43E8-9664-C4D5CA3C9B11}.Debug|iPhone.ActiveCfg = Debug|iPhone
		{5BDBB8B4-5D6B-43E8-9664-C4D5CA3C9B11}.Debug|iPhone.Build.0 = Debug|iPhone
		{5BDBB8B4-5D6B-43E8-9664-C4D5CA3C9B11}.Debug|iPhoneSimulator.ActiveCfg = Debug|iPhoneSimulator
		{5BDBB8B4-5D6B-43E8-9664-C4D5CA3C9B11}.Debug|iPhoneSimulator.Build.0 = Debug|iPhoneSimulator
		{5BDBB8B4-5D6B-43E8-9664-C4D5CA3C9B11}.Release|iPhone.ActiveCfg = Release|iPhone
		{5BDBB8B4-5D6B-43E8-9664-C4D5CA3C9B11}.Release|iPhone.Build.0 = Release|iPhone
		{5BDBB8B4-5D6B-43E8-9664-C4D5CA3C9B11}.Release|iPhoneSimulator.ActiveCfg = Release|iPhoneSimulator
		{5BDBB8B4-5D6B-43E8-9664-C4D5CA3C9B11}.Release|iPhoneSimulator.Build.0 = Release|iPhoneSimulator
		{7862FE5A-530A-4651-825F-C80836B0A3A1}.Debug|iPhone.ActiveCfg = Debug|iPhone
		{7862FE5A-530A-4651-825F-C80836B0A3A1}.Debug|iPhone.Build.0 = Debug|iPhone
		{7862FE5A-530A-4651-825F-C80836B0A3A1}.Debug|iPhoneSimulator.ActiveCfg = Debug|iPhoneSimulator
		{7862FE5A-530A-4651-825F-C80836B0A3A1}.Debug|iPhoneSimulator.Build.0 = Debug|iPhoneSimulator
		{7862FE5A-530A-4651-825F-C80836B0A3A1}.Release|iPhone.ActiveCfg = Release|iPhone
		{7862FE5A-530A-4651-825F-C80836B0A3A1}.Release|iPhone.Build.0 = Release|iPhone
		{7862FE5A-530A-4651-825F-C80836B0A3A1}.Release|iPhoneSimulator.ActiveCfg = Release|iPhoneSimulator
		{7862FE5A-530A-4651-825F-C80836B0A3A1}.Release|iPhoneSimulator.Build.0 = Release|iPhoneSimulator
		{FE6EDEE9-ADF6-4F42-BCF2-B68C0A44EC3D}.Debug|Any CPU.ActiveCfg = Debug|Any CPU
		{FE6EDEE9-ADF6-4F42-BCF2-B68C0A44EC3D}.Debug|Any CPU.Build.0 = Debug|Any CPU
		{FE6EDEE9-ADF6-4F42-BCF2-B68C0A44EC3D}.Debug|iPhone.ActiveCfg = Debug|Any CPU
		{FE6EDEE9-ADF6-4F42-BCF2-B68C0A44EC3D}.Debug|iPhone.Build.0 = Debug|Any CPU
		{FE6EDEE9-ADF6-4F42-BCF2-B68C0A44EC3D}.Debug|iPhoneSimulator.ActiveCfg = Debug|Any CPU
		{FE6EDEE9-ADF6-4F42-BCF2-B68C0A44EC3D}.Debug|iPhoneSimulator.Build.0 = Debug|Any CPU
		{FE6EDEE9-ADF6-4F42-BCF2-B68C0A44EC3D}.Release|Any CPU.ActiveCfg = Release|Any CPU
		{FE6EDEE9-ADF6-4F42-BCF2-B68C0A44EC3D}.Release|Any CPU.Build.0 = Release|Any CPU
		{FE6EDEE9-ADF6-4F42-BCF2-B68C0A44EC3D}.Release|iPhone.ActiveCfg = Release|Any CPU
		{FE6EDEE9-ADF6-4F42-BCF2-B68C0A44EC3D}.Release|iPhone.Build.0 = Release|Any CPU
		{FE6EDEE9-ADF6-4F42-BCF2-B68C0A44EC3D}.Release|iPhoneSimulator.ActiveCfg = Release|Any CPU
		{FE6EDEE9-ADF6-4F42-BCF2-B68C0A44EC3D}.Release|iPhoneSimulator.Build.0 = Release|Any CPU
		{676F527D-3352-42EA-9DE2-181C45003568}.Debug|Any CPU.ActiveCfg = Debug|Any CPU
		{676F527D-3352-42EA-9DE2-181C45003568}.Debug|Any CPU.Build.0 = Debug|Any CPU
		{676F527D-3352-42EA-9DE2-181C45003568}.Debug|iPhone.ActiveCfg = Debug|Any CPU
		{676F527D-3352-42EA-9DE2-181C45003568}.Debug|iPhone.Build.0 = Debug|Any CPU
		{676F527D-3352-42EA-9DE2-181C45003568}.Debug|iPhoneSimulator.ActiveCfg = Debug|Any CPU
		{676F527D-3352-42EA-9DE2-181C45003568}.Debug|iPhoneSimulator.Build.0 = Debug|Any CPU
		{676F527D-3352-42EA-9DE2-181C45003568}.Release|Any CPU.ActiveCfg = Release|Any CPU
		{676F527D-3352-42EA-9DE2-181C45003568}.Release|Any CPU.Build.0 = Release|Any CPU
		{676F527D-3352-42EA-9DE2-181C45003568}.Release|iPhone.ActiveCfg = Release|Any CPU
		{676F527D-3352-42EA-9DE2-181C45003568}.Release|iPhone.Build.0 = Release|Any CPU
		{676F527D-3352-42EA-9DE2-181C45003568}.Release|iPhoneSimulator.ActiveCfg = Release|Any CPU
		{676F527D-3352-42EA-9DE2-181C45003568}.Release|iPhoneSimulator.Build.0 = Release|Any CPU
		{D6667423-EDD8-4B50-9D98-1AC5D8A8A4EA}.Debug|Any CPU.ActiveCfg = Debug|Any CPU
		{D6667423-EDD8-4B50-9D98-1AC5D8A8A4EA}.Debug|Any CPU.Build.0 = Debug|Any CPU
		{D6667423-EDD8-4B50-9D98-1AC5D8A8A4EA}.Debug|iPhone.ActiveCfg = Debug|Any CPU
		{D6667423-EDD8-4B50-9D98-1AC5D8A8A4EA}.Debug|iPhone.Build.0 = Debug|Any CPU
		{D6667423-EDD8-4B50-9D98-1AC5D8A8A4EA}.Debug|iPhoneSimulator.ActiveCfg = Debug|Any CPU
		{D6667423-EDD8-4B50-9D98-1AC5D8A8A4EA}.Debug|iPhoneSimulator.Build.0 = Debug|Any CPU
		{D6667423-EDD8-4B50-9D98-1AC5D8A8A4EA}.Release|Any CPU.ActiveCfg = Release|Any CPU
		{D6667423-EDD8-4B50-9D98-1AC5D8A8A4EA}.Release|Any CPU.Build.0 = Release|Any CPU
		{D6667423-EDD8-4B50-9D98-1AC5D8A8A4EA}.Release|iPhone.ActiveCfg = Release|Any CPU
		{D6667423-EDD8-4B50-9D98-1AC5D8A8A4EA}.Release|iPhone.Build.0 = Release|Any CPU
		{D6667423-EDD8-4B50-9D98-1AC5D8A8A4EA}.Release|iPhoneSimulator.ActiveCfg = Release|Any CPU
		{D6667423-EDD8-4B50-9D98-1AC5D8A8A4EA}.Release|iPhoneSimulator.Build.0 = Release|Any CPU
		{E40B0B77-3467-4891-9117-7AF8F248E306}.Debug|Any CPU.ActiveCfg = Debug|Any CPU
		{E40B0B77-3467-4891-9117-7AF8F248E306}.Debug|Any CPU.Build.0 = Debug|Any CPU
		{E40B0B77-3467-4891-9117-7AF8F248E306}.Debug|iPhone.ActiveCfg = Debug|Any CPU
		{E40B0B77-3467-4891-9117-7AF8F248E306}.Debug|iPhone.Build.0 = Debug|Any CPU
		{E40B0B77-3467-4891-9117-7AF8F248E306}.Debug|iPhoneSimulator.ActiveCfg = Debug|Any CPU
		{E40B0B77-3467-4891-9117-7AF8F248E306}.Debug|iPhoneSimulator.Build.0 = Debug|Any CPU
		{E40B0B77-3467-4891-9117-7AF8F248E306}.Release|Any CPU.ActiveCfg = Release|Any CPU
		{E40B0B77-3467-4891-9117-7AF8F248E306}.Release|Any CPU.Build.0 = Release|Any CPU
		{E40B0B77-3467-4891-9117-7AF8F248E306}.Release|iPhone.ActiveCfg = Release|Any CPU
		{E40B0B77-3467-4891-9117-7AF8F248E306}.Release|iPhone.Build.0 = Release|Any CPU
		{E40B0B77-3467-4891-9117-7AF8F248E306}.Release|iPhoneSimulator.ActiveCfg = Release|Any CPU
		{E40B0B77-3467-4891-9117-7AF8F248E306}.Release|iPhoneSimulator.Build.0 = Release|Any CPU
		{C7212169-BA46-413B-91CD-A32C52AD5E0D}.Debug|Any CPU.ActiveCfg = Debug|Any CPU
		{C7212169-BA46-413B-91CD-A32C52AD5E0D}.Debug|Any CPU.Build.0 = Debug|Any CPU
		{C7212169-BA46-413B-91CD-A32C52AD5E0D}.Debug|iPhone.ActiveCfg = Debug|Any CPU
		{C7212169-BA46-413B-91CD-A32C52AD5E0D}.Debug|iPhone.Build.0 = Debug|Any CPU
		{C7212169-BA46-413B-91CD-A32C52AD5E0D}.Debug|iPhoneSimulator.ActiveCfg = Debug|Any CPU
		{C7212169-BA46-413B-91CD-A32C52AD5E0D}.Debug|iPhoneSimulator.Build.0 = Debug|Any CPU
		{C7212169-BA46-413B-91CD-A32C52AD5E0D}.Release|Any CPU.ActiveCfg = Release|Any CPU
		{C7212169-BA46-413B-91CD-A32C52AD5E0D}.Release|Any CPU.Build.0 = Release|Any CPU
		{C7212169-BA46-413B-91CD-A32C52AD5E0D}.Release|iPhone.ActiveCfg = Release|Any CPU
		{C7212169-BA46-413B-91CD-A32C52AD5E0D}.Release|iPhone.Build.0 = Release|Any CPU
		{C7212169-BA46-413B-91CD-A32C52AD5E0D}.Release|iPhoneSimulator.ActiveCfg = Release|Any CPU
		{C7212169-BA46-413B-91CD-A32C52AD5E0D}.Release|iPhoneSimulator.Build.0 = Release|Any CPU
		{BEF0140A-A6A6-4074-B55F-03856A6B5862}.Debug|iPhone.ActiveCfg = Debug|iPhone
		{BEF0140A-A6A6-4074-B55F-03856A6B5862}.Debug|iPhone.Build.0 = Debug|iPhone
		{BEF0140A-A6A6-4074-B55F-03856A6B5862}.Debug|iPhoneSimulator.ActiveCfg = Debug|iPhoneSimulator
		{BEF0140A-A6A6-4074-B55F-03856A6B5862}.Debug|iPhoneSimulator.Build.0 = Debug|iPhoneSimulator
		{BEF0140A-A6A6-4074-B55F-03856A6B5862}.Release|iPhone.ActiveCfg = Release|iPhone
		{BEF0140A-A6A6-4074-B55F-03856A6B5862}.Release|iPhone.Build.0 = Release|iPhone
		{BEF0140A-A6A6-4074-B55F-03856A6B5862}.Release|iPhoneSimulator.ActiveCfg = Release|iPhoneSimulator
		{BEF0140A-A6A6-4074-B55F-03856A6B5862}.Release|iPhoneSimulator.Build.0 = Release|iPhoneSimulator
		{D7212E3D-CD1B-4E58-A11D-C7B7898168AA}.Debug|iPhone.ActiveCfg = Debug|iPhone
		{D7212E3D-CD1B-4E58-A11D-C7B7898168AA}.Debug|iPhone.Build.0 = Debug|iPhone
		{D7212E3D-CD1B-4E58-A11D-C7B7898168AA}.Debug|iPhoneSimulator.ActiveCfg = Debug|iPhoneSimulator
		{D7212E3D-CD1B-4E58-A11D-C7B7898168AA}.Debug|iPhoneSimulator.Build.0 = Debug|iPhoneSimulator
		{D7212E3D-CD1B-4E58-A11D-C7B7898168AA}.Release|iPhone.ActiveCfg = Release|iPhone
		{D7212E3D-CD1B-4E58-A11D-C7B7898168AA}.Release|iPhone.Build.0 = Release|iPhone
		{D7212E3D-CD1B-4E58-A11D-C7B7898168AA}.Release|iPhoneSimulator.ActiveCfg = Release|iPhoneSimulator
		{D7212E3D-CD1B-4E58-A11D-C7B7898168AA}.Release|iPhoneSimulator.Build.0 = Release|iPhoneSimulator
		{DA061019-04C3-4221-AF04-63F2BFB5DA42}.Debug|iPhone.ActiveCfg = Debug|iPhone
		{DA061019-04C3-4221-AF04-63F2BFB5DA42}.Debug|iPhone.Build.0 = Debug|iPhone
		{DA061019-04C3-4221-AF04-63F2BFB5DA42}.Debug|iPhoneSimulator.ActiveCfg = Debug|iPhoneSimulator
		{DA061019-04C3-4221-AF04-63F2BFB5DA42}.Debug|iPhoneSimulator.Build.0 = Debug|iPhoneSimulator
		{DA061019-04C3-4221-AF04-63F2BFB5DA42}.Release|iPhone.ActiveCfg = Release|iPhone
		{DA061019-04C3-4221-AF04-63F2BFB5DA42}.Release|iPhone.Build.0 = Release|iPhone
		{DA061019-04C3-4221-AF04-63F2BFB5DA42}.Release|iPhoneSimulator.ActiveCfg = Release|iPhoneSimulator
		{DA061019-04C3-4221-AF04-63F2BFB5DA42}.Release|iPhoneSimulator.Build.0 = Release|iPhoneSimulator
		{93268FFB-571C-4402-8899-027A7778D2C0}.Debug|iPhone.ActiveCfg = Debug|iPhone
		{93268FFB-571C-4402-8899-027A7778D2C0}.Debug|iPhone.Build.0 = Debug|iPhone
		{93268FFB-571C-4402-8899-027A7778D2C0}.Debug|iPhoneSimulator.ActiveCfg = Debug|iPhoneSimulator
		{93268FFB-571C-4402-8899-027A7778D2C0}.Debug|iPhoneSimulator.Build.0 = Debug|iPhoneSimulator
		{93268FFB-571C-4402-8899-027A7778D2C0}.Release|iPhone.ActiveCfg = Release|iPhone
		{93268FFB-571C-4402-8899-027A7778D2C0}.Release|iPhone.Build.0 = Release|iPhone
		{93268FFB-571C-4402-8899-027A7778D2C0}.Release|iPhoneSimulator.ActiveCfg = Release|iPhoneSimulator
		{93268FFB-571C-4402-8899-027A7778D2C0}.Release|iPhoneSimulator.Build.0 = Release|iPhoneSimulator
		{208744BD-504E-47D7-9A98-1CF02454A6DA}.Debug|iPhone.ActiveCfg = Debug|iPhone
		{208744BD-504E-47D7-9A98-1CF02454A6DA}.Debug|iPhone.Build.0 = Debug|iPhone
		{208744BD-504E-47D7-9A98-1CF02454A6DA}.Debug|iPhoneSimulator.ActiveCfg = Debug|iPhoneSimulator
		{208744BD-504E-47D7-9A98-1CF02454A6DA}.Debug|iPhoneSimulator.Build.0 = Debug|iPhoneSimulator
		{208744BD-504E-47D7-9A98-1CF02454A6DA}.Release|iPhone.ActiveCfg = Release|iPhone
		{208744BD-504E-47D7-9A98-1CF02454A6DA}.Release|iPhone.Build.0 = Release|iPhone
		{208744BD-504E-47D7-9A98-1CF02454A6DA}.Release|iPhoneSimulator.ActiveCfg = Release|iPhoneSimulator
		{208744BD-504E-47D7-9A98-1CF02454A6DA}.Release|iPhoneSimulator.Build.0 = Release|iPhoneSimulator
		{839212D5-C25B-4284-AA96-59C3872B8184}.Debug|iPhone.ActiveCfg = Debug|iPhone
		{839212D5-C25B-4284-AA96-59C3872B8184}.Debug|iPhone.Build.0 = Debug|iPhone
		{839212D5-C25B-4284-AA96-59C3872B8184}.Debug|iPhoneSimulator.ActiveCfg = Debug|iPhoneSimulator
		{839212D5-C25B-4284-AA96-59C3872B8184}.Debug|iPhoneSimulator.Build.0 = Debug|iPhoneSimulator
		{839212D5-C25B-4284-AA96-59C3872B8184}.Release|iPhone.ActiveCfg = Release|iPhone
		{839212D5-C25B-4284-AA96-59C3872B8184}.Release|iPhone.Build.0 = Release|iPhone
		{839212D5-C25B-4284-AA96-59C3872B8184}.Release|iPhoneSimulator.ActiveCfg = Release|iPhoneSimulator
		{839212D5-C25B-4284-AA96-59C3872B8184}.Release|iPhoneSimulator.Build.0 = Release|iPhoneSimulator
		{370CC763-EDC3-41DA-A21A-D4C82CABEFE4}.Debug|iPhone.ActiveCfg = Debug|iPhone
		{370CC763-EDC3-41DA-A21A-D4C82CABEFE4}.Debug|iPhone.Build.0 = Debug|iPhone
		{370CC763-EDC3-41DA-A21A-D4C82CABEFE4}.Debug|iPhoneSimulator.ActiveCfg = Debug|iPhoneSimulator
		{370CC763-EDC3-41DA-A21A-D4C82CABEFE4}.Debug|iPhoneSimulator.Build.0 = Debug|iPhoneSimulator
		{370CC763-EDC3-41DA-A21A-D4C82CABEFE4}.Release|iPhone.ActiveCfg = Release|iPhone
		{370CC763-EDC3-41DA-A21A-D4C82CABEFE4}.Release|iPhone.Build.0 = Release|iPhone
		{370CC763-EDC3-41DA-A21A-D4C82CABEFE4}.Release|iPhoneSimulator.ActiveCfg = Release|iPhoneSimulator
		{370CC763-EDC3-41DA-A21A-D4C82CABEFE4}.Release|iPhoneSimulator.Build.0 = Release|iPhoneSimulator
		{C47F8F72-A7CA-4149-AA7D-BC4814803EF3}.Debug|iPhone.ActiveCfg = Debug|iPhone
		{C47F8F72-A7CA-4149-AA7D-BC4814803EF3}.Debug|iPhone.Build.0 = Debug|iPhone
		{C47F8F72-A7CA-4149-AA7D-BC4814803EF3}.Debug|iPhoneSimulator.ActiveCfg = Debug|iPhoneSimulator
		{C47F8F72-A7CA-4149-AA7D-BC4814803EF3}.Debug|iPhoneSimulator.Build.0 = Debug|iPhoneSimulator
		{C47F8F72-A7CA-4149-AA7D-BC4814803EF3}.Release|iPhone.ActiveCfg = Release|iPhone
		{C47F8F72-A7CA-4149-AA7D-BC4814803EF3}.Release|iPhone.Build.0 = Release|iPhone
		{C47F8F72-A7CA-4149-AA7D-BC4814803EF3}.Release|iPhoneSimulator.ActiveCfg = Release|iPhoneSimulator
		{C47F8F72-A7CA-4149-AA7D-BC4814803EF3}.Release|iPhoneSimulator.Build.0 = Release|iPhoneSimulator
		{9A1177F5-16E6-45DE-AA69-DC9924EC39B8}.Debug|iPhoneSimulator.ActiveCfg = Debug|Any CPU
		{9A1177F5-16E6-45DE-AA69-DC9924EC39B8}.Debug|iPhoneSimulator.Build.0 = Debug|Any CPU
		{9A1177F5-16E6-45DE-AA69-DC9924EC39B8}.Release|iPhoneSimulator.ActiveCfg = Debug|Any CPU
		{9A1177F5-16E6-45DE-AA69-DC9924EC39B8}.Release|iPhoneSimulator.Build.0 = Debug|Any CPU
		{9A1177F5-16E6-45DE-AA69-DC9924EC39B8}.Debug|iPhone.ActiveCfg = Debug|Any CPU
		{9A1177F5-16E6-45DE-AA69-DC9924EC39B8}.Debug|iPhone.Build.0 = Debug|Any CPU
		{9A1177F5-16E6-45DE-AA69-DC9924EC39B8}.Release|iPhone.ActiveCfg = Debug|Any CPU
		{9A1177F5-16E6-45DE-AA69-DC9924EC39B8}.Release|iPhone.Build.0 = Debug|Any CPU
		{9A1177F5-16E6-45DE-AA69-DC9924EC39B8}.Debug|Any CPU.ActiveCfg = Debug|Any CPU
		{9A1177F5-16E6-45DE-AA69-DC9924EC39B8}.Debug|Any CPU.Build.0 = Debug|Any CPU
		{9A1177F5-16E6-45DE-AA69-DC9924EC39B8}.Release|Any CPU.ActiveCfg = Debug|Any CPU
		{9A1177F5-16E6-45DE-AA69-DC9924EC39B8}.Release|Any CPU.Build.0 = Debug|Any CPU
		{6F47C092-2F85-43D6-1111-E687426F6BF3}.Debug|iPhoneSimulator.ActiveCfg = Debug|Any CPU
		{6F47C092-2F85-43D6-1111-E687426F6BF3}.Debug|iPhoneSimulator.Build.0 = Debug|Any CPU
		{6F47C092-2F85-43D6-1111-E687426F6BF3}.Release|iPhoneSimulator.ActiveCfg = Release|Any CPU
		{6F47C092-2F85-43D6-1111-E687426F6BF3}.Release|iPhoneSimulator.Build.0 = Release|Any CPU
		{6F47C092-2F85-43D6-1111-E687426F6BF3}.Debug|iPhone.ActiveCfg = Debug|Any CPU
		{6F47C092-2F85-43D6-1111-E687426F6BF3}.Debug|iPhone.Build.0 = Debug|Any CPU
		{6F47C092-2F85-43D6-1111-E687426F6BF3}.Release|iPhone.ActiveCfg = Release|Any CPU
		{6F47C092-2F85-43D6-1111-E687426F6BF3}.Release|iPhone.Build.0 = Release|Any CPU
		{6F47C092-2F85-43D6-1111-E687426F6BF3}.Debug|Any CPU.ActiveCfg = Debug|Any CPU
		{6F47C092-2F85-43D6-1111-E687426F6BF3}.Debug|Any CPU.Build.0 = Debug|Any CPU
		{6F47C092-2F85-43D6-1111-E687426F6BF3}.Release|Any CPU.ActiveCfg = Release|Any CPU
		{6F47C092-2F85-43D6-1111-E687426F6BF3}.Release|Any CPU.Build.0 = Release|Any CPU
		{6F47C092-2F85-43D6-2222-E687426F6BF3}.Debug|iPhoneSimulator.ActiveCfg = Debug|Any CPU
		{6F47C092-2F85-43D6-2222-E687426F6BF3}.Debug|iPhoneSimulator.Build.0 = Debug|Any CPU
		{6F47C092-2F85-43D6-2222-E687426F6BF3}.Release|iPhoneSimulator.ActiveCfg = Release|Any CPU
		{6F47C092-2F85-43D6-2222-E687426F6BF3}.Release|iPhoneSimulator.Build.0 = Release|Any CPU
		{6F47C092-2F85-43D6-2222-E687426F6BF3}.Debug|iPhone.ActiveCfg = Debug|Any CPU
		{6F47C092-2F85-43D6-2222-E687426F6BF3}.Debug|iPhone.Build.0 = Debug|Any CPU
		{6F47C092-2F85-43D6-2222-E687426F6BF3}.Release|iPhone.ActiveCfg = Release|Any CPU
		{6F47C092-2F85-43D6-2222-E687426F6BF3}.Release|iPhone.Build.0 = Release|Any CPU
		{6F47C092-2F85-43D6-2222-E687426F6BF3}.Debug|Any CPU.ActiveCfg = Debug|Any CPU
		{6F47C092-2F85-43D6-2222-E687426F6BF3}.Debug|Any CPU.Build.0 = Debug|Any CPU
		{6F47C092-2F85-43D6-2222-E687426F6BF3}.Release|Any CPU.ActiveCfg = Release|Any CPU
		{6F47C092-2F85-43D6-2222-E687426F6BF3}.Release|Any CPU.Build.0 = Release|Any CPU
		{CD430449-8E59-4ECD-ADD9-ACF79E9E660B}.Debug|iPhoneSimulator.ActiveCfg = Debug|Any CPU
		{CD430449-8E59-4ECD-ADD9-ACF79E9E660B}.Debug|iPhoneSimulator.Build.0 = Debug|Any CPU
		{CD430449-8E59-4ECD-ADD9-ACF79E9E660B}.Release|iPhoneSimulator.ActiveCfg = Release|Any CPU
		{CD430449-8E59-4ECD-ADD9-ACF79E9E660B}.Release|iPhoneSimulator.Build.0 = Release|Any CPU
		{CD430449-8E59-4ECD-ADD9-ACF79E9E660B}.Debug|iPhone.ActiveCfg = Debug|Any CPU
		{CD430449-8E59-4ECD-ADD9-ACF79E9E660B}.Debug|iPhone.Build.0 = Debug|Any CPU
		{CD430449-8E59-4ECD-ADD9-ACF79E9E660B}.Release|iPhone.ActiveCfg = Release|Any CPU
		{CD430449-8E59-4ECD-ADD9-ACF79E9E660B}.Release|iPhone.Build.0 = Release|Any CPU
		{CD430449-8E59-4ECD-ADD9-ACF79E9E660B}.Debug|Any CPU.ActiveCfg = Debug|Any CPU
		{CD430449-8E59-4ECD-ADD9-ACF79E9E660B}.Debug|Any CPU.Build.0 = Debug|Any CPU
		{CD430449-8E59-4ECD-ADD9-ACF79E9E660B}.Release|Any CPU.ActiveCfg = Release|Any CPU
		{CD430449-8E59-4ECD-ADD9-ACF79E9E660B}.Release|Any CPU.Build.0 = Release|Any CPU
		{3A835432-B054-32FD-07CB-F9A8FFCFB44D}.Debug|iPhoneSimulator.ActiveCfg = Debug|iPhoneSimulator
		{3A835432-B054-32FD-07CB-F9A8FFCFB44D}.Debug|iPhoneSimulator.Build.0 = Debug|iPhoneSimulator
		{3A835432-B054-32FD-07CB-F9A8FFCFB44D}.Release|iPhoneSimulator.ActiveCfg = Release|iPhoneSimulator
		{3A835432-B054-32FD-07CB-F9A8FFCFB44D}.Release|iPhoneSimulator.Build.0 = Release|iPhoneSimulator
		{3A835432-B054-32FD-07CB-F9A8FFCFB44D}.Debug|iPhone.ActiveCfg = Debug|iPhone
		{3A835432-B054-32FD-07CB-F9A8FFCFB44D}.Debug|iPhone.Build.0 = Debug|iPhone
		{3A835432-B054-32FD-07CB-F9A8FFCFB44D}.Release|iPhone.ActiveCfg = Release|iPhone
		{3A835432-B054-32FD-07CB-F9A8FFCFB44D}.Release|iPhone.Build.0 = Release|iPhone
		{3A835432-B054-32FD-07CB-F9A8FFCFB44D}.Debug|Any CPU.ActiveCfg = Debug|iPhoneSimulator
		{3A835432-B054-32FD-07CB-F9A8FFCFB44D}.Debug|Any CPU.Build.0 = Debug|iPhoneSimulator
		{3A835432-B054-32FD-07CB-F9A8FFCFB44D}.Release|Any CPU.ActiveCfg = Debug|iPhoneSimulator
		{3A835432-B054-32FD-07CB-F9A8FFCFB44D}.Release|Any CPU.Build.0 = Debug|iPhoneSimulator
		{E5B0BF8F-128E-8C1F-5A10-99D26AA71E76}.Debug|iPhoneSimulator.ActiveCfg = Debug|iPhoneSimulator
		{E5B0BF8F-128E-8C1F-5A10-99D26AA71E76}.Debug|iPhoneSimulator.Build.0 = Debug|iPhoneSimulator
		{E5B0BF8F-128E-8C1F-5A10-99D26AA71E76}.Release|iPhoneSimulator.ActiveCfg = Release|iPhoneSimulator
		{E5B0BF8F-128E-8C1F-5A10-99D26AA71E76}.Release|iPhoneSimulator.Build.0 = Release|iPhoneSimulator
		{E5B0BF8F-128E-8C1F-5A10-99D26AA71E76}.Debug|iPhone.ActiveCfg = Debug|iPhone
		{E5B0BF8F-128E-8C1F-5A10-99D26AA71E76}.Debug|iPhone.Build.0 = Debug|iPhone
		{E5B0BF8F-128E-8C1F-5A10-99D26AA71E76}.Release|iPhone.ActiveCfg = Release|iPhone
		{E5B0BF8F-128E-8C1F-5A10-99D26AA71E76}.Release|iPhone.Build.0 = Release|iPhone
		{E5B0BF8F-128E-8C1F-5A10-99D26AA71E76}.Debug|Any CPU.ActiveCfg = Debug|iPhoneSimulator
		{E5B0BF8F-128E-8C1F-5A10-99D26AA71E76}.Debug|Any CPU.Build.0 = Debug|iPhoneSimulator
		{E5B0BF8F-128E-8C1F-5A10-99D26AA71E76}.Release|Any CPU.ActiveCfg = Debug|iPhoneSimulator
		{E5B0BF8F-128E-8C1F-5A10-99D26AA71E76}.Release|Any CPU.Build.0 = Debug|iPhoneSimulator
		{387EAD7C-3E00-6BEC-8914-586A0BE31907}.Debug|iPhoneSimulator.ActiveCfg = Debug|iPhoneSimulator
		{387EAD7C-3E00-6BEC-8914-586A0BE31907}.Debug|iPhoneSimulator.Build.0 = Debug|iPhoneSimulator
		{387EAD7C-3E00-6BEC-8914-586A0BE31907}.Release|iPhoneSimulator.ActiveCfg = Release|iPhoneSimulator
		{387EAD7C-3E00-6BEC-8914-586A0BE31907}.Release|iPhoneSimulator.Build.0 = Release|iPhoneSimulator
		{387EAD7C-3E00-6BEC-8914-586A0BE31907}.Debug|iPhone.ActiveCfg = Debug|iPhone
		{387EAD7C-3E00-6BEC-8914-586A0BE31907}.Debug|iPhone.Build.0 = Debug|iPhone
		{387EAD7C-3E00-6BEC-8914-586A0BE31907}.Release|iPhone.ActiveCfg = Release|iPhone
		{387EAD7C-3E00-6BEC-8914-586A0BE31907}.Release|iPhone.Build.0 = Release|iPhone
		{387EAD7C-3E00-6BEC-8914-586A0BE31907}.Debug|Any CPU.ActiveCfg = Debug|iPhoneSimulator
		{387EAD7C-3E00-6BEC-8914-586A0BE31907}.Debug|Any CPU.Build.0 = Debug|iPhoneSimulator
		{387EAD7C-3E00-6BEC-8914-586A0BE31907}.Release|Any CPU.ActiveCfg = Debug|iPhoneSimulator
		{387EAD7C-3E00-6BEC-8914-586A0BE31907}.Release|Any CPU.Build.0 = Debug|iPhoneSimulator
		{274328F1-9A35-ED63-A95C-D995076011DA}.Debug|iPhoneSimulator.ActiveCfg = Debug|iPhoneSimulator
		{274328F1-9A35-ED63-A95C-D995076011DA}.Debug|iPhoneSimulator.Build.0 = Debug|iPhoneSimulator
		{274328F1-9A35-ED63-A95C-D995076011DA}.Release|iPhoneSimulator.ActiveCfg = Release|iPhoneSimulator
		{274328F1-9A35-ED63-A95C-D995076011DA}.Release|iPhoneSimulator.Build.0 = Release|iPhoneSimulator
		{274328F1-9A35-ED63-A95C-D995076011DA}.Debug|iPhone.ActiveCfg = Debug|iPhone
		{274328F1-9A35-ED63-A95C-D995076011DA}.Debug|iPhone.Build.0 = Debug|iPhone
		{274328F1-9A35-ED63-A95C-D995076011DA}.Release|iPhone.ActiveCfg = Release|iPhone
		{274328F1-9A35-ED63-A95C-D995076011DA}.Release|iPhone.Build.0 = Release|iPhone
		{274328F1-9A35-ED63-A95C-D995076011DA}.Debug|Any CPU.ActiveCfg = Debug|iPhoneSimulator
		{274328F1-9A35-ED63-A95C-D995076011DA}.Debug|Any CPU.Build.0 = Debug|iPhoneSimulator
		{274328F1-9A35-ED63-A95C-D995076011DA}.Release|Any CPU.ActiveCfg = Debug|iPhoneSimulator
		{274328F1-9A35-ED63-A95C-D995076011DA}.Release|Any CPU.Build.0 = Debug|iPhoneSimulator
		{36263A92-DACE-4BB0-063E-CD7107CF788A}.Debug|iPhoneSimulator.ActiveCfg = Debug|iPhoneSimulator
		{36263A92-DACE-4BB0-063E-CD7107CF788A}.Debug|iPhoneSimulator.Build.0 = Debug|iPhoneSimulator
		{36263A92-DACE-4BB0-063E-CD7107CF788A}.Release|iPhoneSimulator.ActiveCfg = Release|iPhoneSimulator
		{36263A92-DACE-4BB0-063E-CD7107CF788A}.Release|iPhoneSimulator.Build.0 = Release|iPhoneSimulator
		{36263A92-DACE-4BB0-063E-CD7107CF788A}.Debug|iPhone.ActiveCfg = Debug|iPhone
		{36263A92-DACE-4BB0-063E-CD7107CF788A}.Debug|iPhone.Build.0 = Debug|iPhone
		{36263A92-DACE-4BB0-063E-CD7107CF788A}.Release|iPhone.ActiveCfg = Release|iPhone
		{36263A92-DACE-4BB0-063E-CD7107CF788A}.Release|iPhone.Build.0 = Release|iPhone
		{36263A92-DACE-4BB0-063E-CD7107CF788A}.Debug|Any CPU.ActiveCfg = Debug|iPhoneSimulator
		{36263A92-DACE-4BB0-063E-CD7107CF788A}.Debug|Any CPU.Build.0 = Debug|iPhoneSimulator
		{36263A92-DACE-4BB0-063E-CD7107CF788A}.Release|Any CPU.ActiveCfg = Debug|iPhoneSimulator
		{36263A92-DACE-4BB0-063E-CD7107CF788A}.Release|Any CPU.Build.0 = Debug|iPhoneSimulator
		{F8CFE6AE-81B3-C1D5-B6E3-881EFB19D8B6}.Debug|iPhoneSimulator.ActiveCfg = Debug|iPhoneSimulator
		{F8CFE6AE-81B3-C1D5-B6E3-881EFB19D8B6}.Debug|iPhoneSimulator.Build.0 = Debug|iPhoneSimulator
		{F8CFE6AE-81B3-C1D5-B6E3-881EFB19D8B6}.Release|iPhoneSimulator.ActiveCfg = Release|iPhoneSimulator
		{F8CFE6AE-81B3-C1D5-B6E3-881EFB19D8B6}.Release|iPhoneSimulator.Build.0 = Release|iPhoneSimulator
		{F8CFE6AE-81B3-C1D5-B6E3-881EFB19D8B6}.Debug|iPhone.ActiveCfg = Debug|iPhone
		{F8CFE6AE-81B3-C1D5-B6E3-881EFB19D8B6}.Debug|iPhone.Build.0 = Debug|iPhone
		{F8CFE6AE-81B3-C1D5-B6E3-881EFB19D8B6}.Release|iPhone.ActiveCfg = Release|iPhone
		{F8CFE6AE-81B3-C1D5-B6E3-881EFB19D8B6}.Release|iPhone.Build.0 = Release|iPhone
		{F8CFE6AE-81B3-C1D5-B6E3-881EFB19D8B6}.Debug|Any CPU.ActiveCfg = Debug|iPhoneSimulator
		{F8CFE6AE-81B3-C1D5-B6E3-881EFB19D8B6}.Debug|Any CPU.Build.0 = Debug|iPhoneSimulator
		{F8CFE6AE-81B3-C1D5-B6E3-881EFB19D8B6}.Release|Any CPU.ActiveCfg = Debug|iPhoneSimulator
		{F8CFE6AE-81B3-C1D5-B6E3-881EFB19D8B6}.Release|Any CPU.Build.0 = Debug|iPhoneSimulator
		{022B4AF2-F62F-8EF3-9375-7CCE2820C54C}.Debug|iPhoneSimulator.ActiveCfg = Debug|iPhoneSimulator
		{022B4AF2-F62F-8EF3-9375-7CCE2820C54C}.Debug|iPhoneSimulator.Build.0 = Debug|iPhoneSimulator
		{022B4AF2-F62F-8EF3-9375-7CCE2820C54C}.Release|iPhoneSimulator.ActiveCfg = Release|iPhoneSimulator
		{022B4AF2-F62F-8EF3-9375-7CCE2820C54C}.Release|iPhoneSimulator.Build.0 = Release|iPhoneSimulator
		{022B4AF2-F62F-8EF3-9375-7CCE2820C54C}.Debug|iPhone.ActiveCfg = Debug|iPhone
		{022B4AF2-F62F-8EF3-9375-7CCE2820C54C}.Debug|iPhone.Build.0 = Debug|iPhone
		{022B4AF2-F62F-8EF3-9375-7CCE2820C54C}.Release|iPhone.ActiveCfg = Release|iPhone
		{022B4AF2-F62F-8EF3-9375-7CCE2820C54C}.Release|iPhone.Build.0 = Release|iPhone
		{022B4AF2-F62F-8EF3-9375-7CCE2820C54C}.Debug|Any CPU.ActiveCfg = Debug|iPhoneSimulator
		{022B4AF2-F62F-8EF3-9375-7CCE2820C54C}.Debug|Any CPU.Build.0 = Debug|iPhoneSimulator
		{022B4AF2-F62F-8EF3-9375-7CCE2820C54C}.Release|Any CPU.ActiveCfg = Debug|iPhoneSimulator
		{022B4AF2-F62F-8EF3-9375-7CCE2820C54C}.Release|Any CPU.Build.0 = Debug|iPhoneSimulator
		{ECFE62D9-1BC5-C44F-4D47-9BBA5B2C7F36}.Debug|iPhoneSimulator.ActiveCfg = Debug|iPhoneSimulator
		{ECFE62D9-1BC5-C44F-4D47-9BBA5B2C7F36}.Debug|iPhoneSimulator.Build.0 = Debug|iPhoneSimulator
		{ECFE62D9-1BC5-C44F-4D47-9BBA5B2C7F36}.Release|iPhoneSimulator.ActiveCfg = Release|iPhoneSimulator
		{ECFE62D9-1BC5-C44F-4D47-9BBA5B2C7F36}.Release|iPhoneSimulator.Build.0 = Release|iPhoneSimulator
		{ECFE62D9-1BC5-C44F-4D47-9BBA5B2C7F36}.Debug|iPhone.ActiveCfg = Debug|iPhone
		{ECFE62D9-1BC5-C44F-4D47-9BBA5B2C7F36}.Debug|iPhone.Build.0 = Debug|iPhone
		{ECFE62D9-1BC5-C44F-4D47-9BBA5B2C7F36}.Release|iPhone.ActiveCfg = Release|iPhone
		{ECFE62D9-1BC5-C44F-4D47-9BBA5B2C7F36}.Release|iPhone.Build.0 = Release|iPhone
		{ECFE62D9-1BC5-C44F-4D47-9BBA5B2C7F36}.Debug|Any CPU.ActiveCfg = Debug|iPhoneSimulator
		{ECFE62D9-1BC5-C44F-4D47-9BBA5B2C7F36}.Debug|Any CPU.Build.0 = Debug|iPhoneSimulator
		{ECFE62D9-1BC5-C44F-4D47-9BBA5B2C7F36}.Release|Any CPU.ActiveCfg = Debug|iPhoneSimulator
		{ECFE62D9-1BC5-C44F-4D47-9BBA5B2C7F36}.Release|Any CPU.Build.0 = Debug|iPhoneSimulator
		{569FFC00-3699-63C0-E0B7-9C2DA8F015D9}.Debug|iPhoneSimulator.ActiveCfg = Debug|iPhoneSimulator
		{569FFC00-3699-63C0-E0B7-9C2DA8F015D9}.Debug|iPhoneSimulator.Build.0 = Debug|iPhoneSimulator
		{569FFC00-3699-63C0-E0B7-9C2DA8F015D9}.Release|iPhoneSimulator.ActiveCfg = Release|iPhoneSimulator
		{569FFC00-3699-63C0-E0B7-9C2DA8F015D9}.Release|iPhoneSimulator.Build.0 = Release|iPhoneSimulator
		{569FFC00-3699-63C0-E0B7-9C2DA8F015D9}.Debug|iPhone.ActiveCfg = Debug|iPhone
		{569FFC00-3699-63C0-E0B7-9C2DA8F015D9}.Debug|iPhone.Build.0 = Debug|iPhone
		{569FFC00-3699-63C0-E0B7-9C2DA8F015D9}.Release|iPhone.ActiveCfg = Release|iPhone
		{569FFC00-3699-63C0-E0B7-9C2DA8F015D9}.Release|iPhone.Build.0 = Release|iPhone
		{569FFC00-3699-63C0-E0B7-9C2DA8F015D9}.Debug|Any CPU.ActiveCfg = Debug|iPhoneSimulator
		{569FFC00-3699-63C0-E0B7-9C2DA8F015D9}.Debug|Any CPU.Build.0 = Debug|iPhoneSimulator
		{569FFC00-3699-63C0-E0B7-9C2DA8F015D9}.Release|Any CPU.ActiveCfg = Debug|iPhoneSimulator
		{569FFC00-3699-63C0-E0B7-9C2DA8F015D9}.Release|Any CPU.Build.0 = Debug|iPhoneSimulator
		{7017DF4C-80ED-A7C3-7D44-F3A9CA5B4DF4}.Debug|iPhoneSimulator.ActiveCfg = Debug|iPhoneSimulator
		{7017DF4C-80ED-A7C3-7D44-F3A9CA5B4DF4}.Debug|iPhoneSimulator.Build.0 = Debug|iPhoneSimulator
		{7017DF4C-80ED-A7C3-7D44-F3A9CA5B4DF4}.Release|iPhoneSimulator.ActiveCfg = Release|iPhoneSimulator
		{7017DF4C-80ED-A7C3-7D44-F3A9CA5B4DF4}.Release|iPhoneSimulator.Build.0 = Release|iPhoneSimulator
		{7017DF4C-80ED-A7C3-7D44-F3A9CA5B4DF4}.Debug|iPhone.ActiveCfg = Debug|iPhone
		{7017DF4C-80ED-A7C3-7D44-F3A9CA5B4DF4}.Debug|iPhone.Build.0 = Debug|iPhone
		{7017DF4C-80ED-A7C3-7D44-F3A9CA5B4DF4}.Release|iPhone.ActiveCfg = Release|iPhone
		{7017DF4C-80ED-A7C3-7D44-F3A9CA5B4DF4}.Release|iPhone.Build.0 = Release|iPhone
		{7017DF4C-80ED-A7C3-7D44-F3A9CA5B4DF4}.Debug|Any CPU.ActiveCfg = Debug|iPhoneSimulator
		{7017DF4C-80ED-A7C3-7D44-F3A9CA5B4DF4}.Debug|Any CPU.Build.0 = Debug|iPhoneSimulator
		{7017DF4C-80ED-A7C3-7D44-F3A9CA5B4DF4}.Release|Any CPU.ActiveCfg = Debug|iPhoneSimulator
		{7017DF4C-80ED-A7C3-7D44-F3A9CA5B4DF4}.Release|Any CPU.Build.0 = Debug|iPhoneSimulator
		{ABACCDE0-14CC-8C9F-7044-CE101CA9D818}.Debug|iPhoneSimulator.ActiveCfg = Debug|iPhoneSimulator
		{ABACCDE0-14CC-8C9F-7044-CE101CA9D818}.Debug|iPhoneSimulator.Build.0 = Debug|iPhoneSimulator
		{ABACCDE0-14CC-8C9F-7044-CE101CA9D818}.Release|iPhoneSimulator.ActiveCfg = Release|iPhoneSimulator
		{ABACCDE0-14CC-8C9F-7044-CE101CA9D818}.Release|iPhoneSimulator.Build.0 = Release|iPhoneSimulator
		{ABACCDE0-14CC-8C9F-7044-CE101CA9D818}.Debug|iPhone.ActiveCfg = Debug|iPhone
		{ABACCDE0-14CC-8C9F-7044-CE101CA9D818}.Debug|iPhone.Build.0 = Debug|iPhone
		{ABACCDE0-14CC-8C9F-7044-CE101CA9D818}.Release|iPhone.ActiveCfg = Release|iPhone
		{ABACCDE0-14CC-8C9F-7044-CE101CA9D818}.Release|iPhone.Build.0 = Release|iPhone
		{ABACCDE0-14CC-8C9F-7044-CE101CA9D818}.Debug|Any CPU.ActiveCfg = Debug|iPhoneSimulator
		{ABACCDE0-14CC-8C9F-7044-CE101CA9D818}.Debug|Any CPU.Build.0 = Debug|iPhoneSimulator
		{ABACCDE0-14CC-8C9F-7044-CE101CA9D818}.Release|Any CPU.ActiveCfg = Debug|iPhoneSimulator
		{ABACCDE0-14CC-8C9F-7044-CE101CA9D818}.Release|Any CPU.Build.0 = Debug|iPhoneSimulator
		{E44B6A87-C5AF-DF76-B514-841F9DF59CDF}.Debug|iPhoneSimulator.ActiveCfg = Debug|iPhoneSimulator
		{E44B6A87-C5AF-DF76-B514-841F9DF59CDF}.Debug|iPhoneSimulator.Build.0 = Debug|iPhoneSimulator
		{E44B6A87-C5AF-DF76-B514-841F9DF59CDF}.Release|iPhoneSimulator.ActiveCfg = Release|iPhoneSimulator
		{E44B6A87-C5AF-DF76-B514-841F9DF59CDF}.Release|iPhoneSimulator.Build.0 = Release|iPhoneSimulator
		{E44B6A87-C5AF-DF76-B514-841F9DF59CDF}.Debug|iPhone.ActiveCfg = Debug|iPhone
		{E44B6A87-C5AF-DF76-B514-841F9DF59CDF}.Debug|iPhone.Build.0 = Debug|iPhone
		{E44B6A87-C5AF-DF76-B514-841F9DF59CDF}.Release|iPhone.ActiveCfg = Release|iPhone
		{E44B6A87-C5AF-DF76-B514-841F9DF59CDF}.Release|iPhone.Build.0 = Release|iPhone
		{E44B6A87-C5AF-DF76-B514-841F9DF59CDF}.Debug|Any CPU.ActiveCfg = Debug|iPhoneSimulator
		{E44B6A87-C5AF-DF76-B514-841F9DF59CDF}.Debug|Any CPU.Build.0 = Debug|iPhoneSimulator
		{E44B6A87-C5AF-DF76-B514-841F9DF59CDF}.Release|Any CPU.ActiveCfg = Debug|iPhoneSimulator
		{E44B6A87-C5AF-DF76-B514-841F9DF59CDF}.Release|Any CPU.Build.0 = Debug|iPhoneSimulator
		{E76564D2-12A8-219F-F69C-6FE35B8BCDFC}.Debug|iPhoneSimulator.ActiveCfg = Debug|iPhoneSimulator
		{E76564D2-12A8-219F-F69C-6FE35B8BCDFC}.Debug|iPhoneSimulator.Build.0 = Debug|iPhoneSimulator
		{E76564D2-12A8-219F-F69C-6FE35B8BCDFC}.Release|iPhoneSimulator.ActiveCfg = Release|iPhoneSimulator
		{E76564D2-12A8-219F-F69C-6FE35B8BCDFC}.Release|iPhoneSimulator.Build.0 = Release|iPhoneSimulator
		{E76564D2-12A8-219F-F69C-6FE35B8BCDFC}.Debug|iPhone.ActiveCfg = Debug|iPhone
		{E76564D2-12A8-219F-F69C-6FE35B8BCDFC}.Debug|iPhone.Build.0 = Debug|iPhone
		{E76564D2-12A8-219F-F69C-6FE35B8BCDFC}.Release|iPhone.ActiveCfg = Release|iPhone
		{E76564D2-12A8-219F-F69C-6FE35B8BCDFC}.Release|iPhone.Build.0 = Release|iPhone
		{E76564D2-12A8-219F-F69C-6FE35B8BCDFC}.Debug|Any CPU.ActiveCfg = Debug|iPhoneSimulator
		{E76564D2-12A8-219F-F69C-6FE35B8BCDFC}.Debug|Any CPU.Build.0 = Debug|iPhoneSimulator
		{E76564D2-12A8-219F-F69C-6FE35B8BCDFC}.Release|Any CPU.ActiveCfg = Debug|iPhoneSimulator
		{E76564D2-12A8-219F-F69C-6FE35B8BCDFC}.Release|Any CPU.Build.0 = Debug|iPhoneSimulator
		{3D2B8C63-52B0-C706-B745-95453F8B90D3}.Debug|iPhoneSimulator.ActiveCfg = Debug|iPhoneSimulator
		{3D2B8C63-52B0-C706-B745-95453F8B90D3}.Debug|iPhoneSimulator.Build.0 = Debug|iPhoneSimulator
		{3D2B8C63-52B0-C706-B745-95453F8B90D3}.Release|iPhoneSimulator.ActiveCfg = Release|iPhoneSimulator
		{3D2B8C63-52B0-C706-B745-95453F8B90D3}.Release|iPhoneSimulator.Build.0 = Release|iPhoneSimulator
		{3D2B8C63-52B0-C706-B745-95453F8B90D3}.Debug|iPhone.ActiveCfg = Debug|iPhone
		{3D2B8C63-52B0-C706-B745-95453F8B90D3}.Debug|iPhone.Build.0 = Debug|iPhone
		{3D2B8C63-52B0-C706-B745-95453F8B90D3}.Release|iPhone.ActiveCfg = Release|iPhone
		{3D2B8C63-52B0-C706-B745-95453F8B90D3}.Release|iPhone.Build.0 = Release|iPhone
		{3D2B8C63-52B0-C706-B745-95453F8B90D3}.Debug|Any CPU.ActiveCfg = Debug|iPhoneSimulator
		{3D2B8C63-52B0-C706-B745-95453F8B90D3}.Debug|Any CPU.Build.0 = Debug|iPhoneSimulator
		{3D2B8C63-52B0-C706-B745-95453F8B90D3}.Release|Any CPU.ActiveCfg = Debug|iPhoneSimulator
		{3D2B8C63-52B0-C706-B745-95453F8B90D3}.Release|Any CPU.Build.0 = Debug|iPhoneSimulator
		{0477B067-9914-2C4F-14C4-CBDFDC0653CF}.Debug|iPhoneSimulator.ActiveCfg = Debug|iPhoneSimulator
		{0477B067-9914-2C4F-14C4-CBDFDC0653CF}.Debug|iPhoneSimulator.Build.0 = Debug|iPhoneSimulator
		{0477B067-9914-2C4F-14C4-CBDFDC0653CF}.Release|iPhoneSimulator.ActiveCfg = Release|iPhoneSimulator
		{0477B067-9914-2C4F-14C4-CBDFDC0653CF}.Release|iPhoneSimulator.Build.0 = Release|iPhoneSimulator
		{0477B067-9914-2C4F-14C4-CBDFDC0653CF}.Debug|iPhone.ActiveCfg = Debug|iPhone
		{0477B067-9914-2C4F-14C4-CBDFDC0653CF}.Debug|iPhone.Build.0 = Debug|iPhone
		{0477B067-9914-2C4F-14C4-CBDFDC0653CF}.Release|iPhone.ActiveCfg = Release|iPhone
		{0477B067-9914-2C4F-14C4-CBDFDC0653CF}.Release|iPhone.Build.0 = Release|iPhone
		{0477B067-9914-2C4F-14C4-CBDFDC0653CF}.Debug|Any CPU.ActiveCfg = Debug|iPhoneSimulator
		{0477B067-9914-2C4F-14C4-CBDFDC0653CF}.Debug|Any CPU.Build.0 = Debug|iPhoneSimulator
		{0477B067-9914-2C4F-14C4-CBDFDC0653CF}.Release|Any CPU.ActiveCfg = Debug|iPhoneSimulator
		{0477B067-9914-2C4F-14C4-CBDFDC0653CF}.Release|Any CPU.Build.0 = Debug|iPhoneSimulator
		{44F02498-1AF8-CB2B-5F52-83C74B4F8F9F}.Debug|iPhoneSimulator.ActiveCfg = Debug|iPhoneSimulator
		{44F02498-1AF8-CB2B-5F52-83C74B4F8F9F}.Debug|iPhoneSimulator.Build.0 = Debug|iPhoneSimulator
		{44F02498-1AF8-CB2B-5F52-83C74B4F8F9F}.Release|iPhoneSimulator.ActiveCfg = Release|iPhoneSimulator
		{44F02498-1AF8-CB2B-5F52-83C74B4F8F9F}.Release|iPhoneSimulator.Build.0 = Release|iPhoneSimulator
		{44F02498-1AF8-CB2B-5F52-83C74B4F8F9F}.Debug|iPhone.ActiveCfg = Debug|iPhone
		{44F02498-1AF8-CB2B-5F52-83C74B4F8F9F}.Debug|iPhone.Build.0 = Debug|iPhone
		{44F02498-1AF8-CB2B-5F52-83C74B4F8F9F}.Release|iPhone.ActiveCfg = Release|iPhone
		{44F02498-1AF8-CB2B-5F52-83C74B4F8F9F}.Release|iPhone.Build.0 = Release|iPhone
		{44F02498-1AF8-CB2B-5F52-83C74B4F8F9F}.Debug|Any CPU.ActiveCfg = Debug|iPhoneSimulator
		{44F02498-1AF8-CB2B-5F52-83C74B4F8F9F}.Debug|Any CPU.Build.0 = Debug|iPhoneSimulator
		{44F02498-1AF8-CB2B-5F52-83C74B4F8F9F}.Release|Any CPU.ActiveCfg = Debug|iPhoneSimulator
		{44F02498-1AF8-CB2B-5F52-83C74B4F8F9F}.Release|Any CPU.Build.0 = Debug|iPhoneSimulator
		{0D2AC6C4-5EC1-0927-876B-0658DEC4FF94}.Debug|iPhoneSimulator.ActiveCfg = Debug|iPhoneSimulator
		{0D2AC6C4-5EC1-0927-876B-0658DEC4FF94}.Debug|iPhoneSimulator.Build.0 = Debug|iPhoneSimulator
		{0D2AC6C4-5EC1-0927-876B-0658DEC4FF94}.Release|iPhoneSimulator.ActiveCfg = Release|iPhoneSimulator
		{0D2AC6C4-5EC1-0927-876B-0658DEC4FF94}.Release|iPhoneSimulator.Build.0 = Release|iPhoneSimulator
		{0D2AC6C4-5EC1-0927-876B-0658DEC4FF94}.Debug|iPhone.ActiveCfg = Debug|iPhone
		{0D2AC6C4-5EC1-0927-876B-0658DEC4FF94}.Debug|iPhone.Build.0 = Debug|iPhone
		{0D2AC6C4-5EC1-0927-876B-0658DEC4FF94}.Release|iPhone.ActiveCfg = Release|iPhone
		{0D2AC6C4-5EC1-0927-876B-0658DEC4FF94}.Release|iPhone.Build.0 = Release|iPhone
		{0D2AC6C4-5EC1-0927-876B-0658DEC4FF94}.Debug|Any CPU.ActiveCfg = Debug|iPhoneSimulator
		{0D2AC6C4-5EC1-0927-876B-0658DEC4FF94}.Debug|Any CPU.Build.0 = Debug|iPhoneSimulator
		{0D2AC6C4-5EC1-0927-876B-0658DEC4FF94}.Release|Any CPU.ActiveCfg = Debug|iPhoneSimulator
		{0D2AC6C4-5EC1-0927-876B-0658DEC4FF94}.Release|Any CPU.Build.0 = Debug|iPhoneSimulator
		{C63F3DD4-EC06-1CE5-BA87-1D038C5A0BBD}.Debug|iPhoneSimulator.ActiveCfg = Debug|iPhoneSimulator
		{C63F3DD4-EC06-1CE5-BA87-1D038C5A0BBD}.Debug|iPhoneSimulator.Build.0 = Debug|iPhoneSimulator
		{C63F3DD4-EC06-1CE5-BA87-1D038C5A0BBD}.Release|iPhoneSimulator.ActiveCfg = Release|iPhoneSimulator
		{C63F3DD4-EC06-1CE5-BA87-1D038C5A0BBD}.Release|iPhoneSimulator.Build.0 = Release|iPhoneSimulator
		{C63F3DD4-EC06-1CE5-BA87-1D038C5A0BBD}.Debug|iPhone.ActiveCfg = Debug|iPhone
		{C63F3DD4-EC06-1CE5-BA87-1D038C5A0BBD}.Debug|iPhone.Build.0 = Debug|iPhone
		{C63F3DD4-EC06-1CE5-BA87-1D038C5A0BBD}.Release|iPhone.ActiveCfg = Release|iPhone
		{C63F3DD4-EC06-1CE5-BA87-1D038C5A0BBD}.Release|iPhone.Build.0 = Release|iPhone
		{C63F3DD4-EC06-1CE5-BA87-1D038C5A0BBD}.Debug|Any CPU.ActiveCfg = Debug|iPhoneSimulator
		{C63F3DD4-EC06-1CE5-BA87-1D038C5A0BBD}.Debug|Any CPU.Build.0 = Debug|iPhoneSimulator
		{C63F3DD4-EC06-1CE5-BA87-1D038C5A0BBD}.Release|Any CPU.ActiveCfg = Debug|iPhoneSimulator
		{C63F3DD4-EC06-1CE5-BA87-1D038C5A0BBD}.Release|Any CPU.Build.0 = Debug|iPhoneSimulator
		{797B6029-DEFB-CEA8-B5D3-BDA6E5EC7B35}.Debug|iPhoneSimulator.ActiveCfg = Debug|iPhoneSimulator
		{797B6029-DEFB-CEA8-B5D3-BDA6E5EC7B35}.Debug|iPhoneSimulator.Build.0 = Debug|iPhoneSimulator
		{797B6029-DEFB-CEA8-B5D3-BDA6E5EC7B35}.Release|iPhoneSimulator.ActiveCfg = Release|iPhoneSimulator
		{797B6029-DEFB-CEA8-B5D3-BDA6E5EC7B35}.Release|iPhoneSimulator.Build.0 = Release|iPhoneSimulator
		{797B6029-DEFB-CEA8-B5D3-BDA6E5EC7B35}.Debug|iPhone.ActiveCfg = Debug|iPhone
		{797B6029-DEFB-CEA8-B5D3-BDA6E5EC7B35}.Debug|iPhone.Build.0 = Debug|iPhone
		{797B6029-DEFB-CEA8-B5D3-BDA6E5EC7B35}.Release|iPhone.ActiveCfg = Release|iPhone
		{797B6029-DEFB-CEA8-B5D3-BDA6E5EC7B35}.Release|iPhone.Build.0 = Release|iPhone
		{797B6029-DEFB-CEA8-B5D3-BDA6E5EC7B35}.Debug|Any CPU.ActiveCfg = Debug|iPhoneSimulator
		{797B6029-DEFB-CEA8-B5D3-BDA6E5EC7B35}.Debug|Any CPU.Build.0 = Debug|iPhoneSimulator
		{797B6029-DEFB-CEA8-B5D3-BDA6E5EC7B35}.Release|Any CPU.ActiveCfg = Debug|iPhoneSimulator
		{797B6029-DEFB-CEA8-B5D3-BDA6E5EC7B35}.Release|Any CPU.Build.0 = Debug|iPhoneSimulator
		{5A2B9BB6-B845-92E1-B036-677BECEABD46}.Debug|iPhoneSimulator.ActiveCfg = Debug|iPhoneSimulator
		{5A2B9BB6-B845-92E1-B036-677BECEABD46}.Debug|iPhoneSimulator.Build.0 = Debug|iPhoneSimulator
		{5A2B9BB6-B845-92E1-B036-677BECEABD46}.Release|iPhoneSimulator.ActiveCfg = Release|iPhoneSimulator
		{5A2B9BB6-B845-92E1-B036-677BECEABD46}.Release|iPhoneSimulator.Build.0 = Release|iPhoneSimulator
		{5A2B9BB6-B845-92E1-B036-677BECEABD46}.Debug|iPhone.ActiveCfg = Debug|iPhone
		{5A2B9BB6-B845-92E1-B036-677BECEABD46}.Debug|iPhone.Build.0 = Debug|iPhone
		{5A2B9BB6-B845-92E1-B036-677BECEABD46}.Release|iPhone.ActiveCfg = Release|iPhone
		{5A2B9BB6-B845-92E1-B036-677BECEABD46}.Release|iPhone.Build.0 = Release|iPhone
		{5A2B9BB6-B845-92E1-B036-677BECEABD46}.Debug|Any CPU.ActiveCfg = Debug|iPhoneSimulator
		{5A2B9BB6-B845-92E1-B036-677BECEABD46}.Debug|Any CPU.Build.0 = Debug|iPhoneSimulator
		{5A2B9BB6-B845-92E1-B036-677BECEABD46}.Release|Any CPU.ActiveCfg = Debug|iPhoneSimulator
		{5A2B9BB6-B845-92E1-B036-677BECEABD46}.Release|Any CPU.Build.0 = Debug|iPhoneSimulator
		{ADF8645F-3737-8342-704B-006A887760CF}.Debug|iPhoneSimulator.ActiveCfg = Debug|iPhoneSimulator
		{ADF8645F-3737-8342-704B-006A887760CF}.Debug|iPhoneSimulator.Build.0 = Debug|iPhoneSimulator
		{ADF8645F-3737-8342-704B-006A887760CF}.Release|iPhoneSimulator.ActiveCfg = Release|iPhoneSimulator
		{ADF8645F-3737-8342-704B-006A887760CF}.Release|iPhoneSimulator.Build.0 = Release|iPhoneSimulator
		{ADF8645F-3737-8342-704B-006A887760CF}.Debug|iPhone.ActiveCfg = Debug|iPhone
		{ADF8645F-3737-8342-704B-006A887760CF}.Debug|iPhone.Build.0 = Debug|iPhone
		{ADF8645F-3737-8342-704B-006A887760CF}.Release|iPhone.ActiveCfg = Release|iPhone
		{ADF8645F-3737-8342-704B-006A887760CF}.Release|iPhone.Build.0 = Release|iPhone
		{ADF8645F-3737-8342-704B-006A887760CF}.Debug|Any CPU.ActiveCfg = Debug|iPhoneSimulator
		{ADF8645F-3737-8342-704B-006A887760CF}.Debug|Any CPU.Build.0 = Debug|iPhoneSimulator
		{ADF8645F-3737-8342-704B-006A887760CF}.Release|Any CPU.ActiveCfg = Debug|iPhoneSimulator
		{ADF8645F-3737-8342-704B-006A887760CF}.Release|Any CPU.Build.0 = Debug|iPhoneSimulator
		{CDD9B9BA-6E8C-CE0F-DF98-F198484EDAC6}.Debug|iPhoneSimulator.ActiveCfg = Debug|iPhoneSimulator
		{CDD9B9BA-6E8C-CE0F-DF98-F198484EDAC6}.Debug|iPhoneSimulator.Build.0 = Debug|iPhoneSimulator
		{CDD9B9BA-6E8C-CE0F-DF98-F198484EDAC6}.Release|iPhoneSimulator.ActiveCfg = Release|iPhoneSimulator
		{CDD9B9BA-6E8C-CE0F-DF98-F198484EDAC6}.Release|iPhoneSimulator.Build.0 = Release|iPhoneSimulator
		{CDD9B9BA-6E8C-CE0F-DF98-F198484EDAC6}.Debug|iPhone.ActiveCfg = Debug|iPhone
		{CDD9B9BA-6E8C-CE0F-DF98-F198484EDAC6}.Debug|iPhone.Build.0 = Debug|iPhone
		{CDD9B9BA-6E8C-CE0F-DF98-F198484EDAC6}.Release|iPhone.ActiveCfg = Release|iPhone
		{CDD9B9BA-6E8C-CE0F-DF98-F198484EDAC6}.Release|iPhone.Build.0 = Release|iPhone
		{CDD9B9BA-6E8C-CE0F-DF98-F198484EDAC6}.Debug|Any CPU.ActiveCfg = Debug|iPhoneSimulator
		{CDD9B9BA-6E8C-CE0F-DF98-F198484EDAC6}.Debug|Any CPU.Build.0 = Debug|iPhoneSimulator
		{CDD9B9BA-6E8C-CE0F-DF98-F198484EDAC6}.Release|Any CPU.ActiveCfg = Debug|iPhoneSimulator
		{CDD9B9BA-6E8C-CE0F-DF98-F198484EDAC6}.Release|Any CPU.Build.0 = Debug|iPhoneSimulator
		{0E046C2E-0261-F92B-20AB-8E27CDC8F859}.Debug|iPhoneSimulator.ActiveCfg = Debug|iPhoneSimulator
		{0E046C2E-0261-F92B-20AB-8E27CDC8F859}.Debug|iPhoneSimulator.Build.0 = Debug|iPhoneSimulator
		{0E046C2E-0261-F92B-20AB-8E27CDC8F859}.Release|iPhoneSimulator.ActiveCfg = Release|iPhoneSimulator
		{0E046C2E-0261-F92B-20AB-8E27CDC8F859}.Release|iPhoneSimulator.Build.0 = Release|iPhoneSimulator
		{0E046C2E-0261-F92B-20AB-8E27CDC8F859}.Debug|iPhone.ActiveCfg = Debug|iPhone
		{0E046C2E-0261-F92B-20AB-8E27CDC8F859}.Debug|iPhone.Build.0 = Debug|iPhone
		{0E046C2E-0261-F92B-20AB-8E27CDC8F859}.Release|iPhone.ActiveCfg = Release|iPhone
		{0E046C2E-0261-F92B-20AB-8E27CDC8F859}.Release|iPhone.Build.0 = Release|iPhone
		{0E046C2E-0261-F92B-20AB-8E27CDC8F859}.Debug|Any CPU.ActiveCfg = Debug|iPhoneSimulator
		{0E046C2E-0261-F92B-20AB-8E27CDC8F859}.Debug|Any CPU.Build.0 = Debug|iPhoneSimulator
		{0E046C2E-0261-F92B-20AB-8E27CDC8F859}.Release|Any CPU.ActiveCfg = Debug|iPhoneSimulator
		{0E046C2E-0261-F92B-20AB-8E27CDC8F859}.Release|Any CPU.Build.0 = Debug|iPhoneSimulator
		{CB000449-11E5-37D7-C757-4180FA74275D}.Debug|iPhoneSimulator.ActiveCfg = Debug|iPhoneSimulator
		{CB000449-11E5-37D7-C757-4180FA74275D}.Debug|iPhoneSimulator.Build.0 = Debug|iPhoneSimulator
		{CB000449-11E5-37D7-C757-4180FA74275D}.Release|iPhoneSimulator.ActiveCfg = Release|iPhoneSimulator
		{CB000449-11E5-37D7-C757-4180FA74275D}.Release|iPhoneSimulator.Build.0 = Release|iPhoneSimulator
		{CB000449-11E5-37D7-C757-4180FA74275D}.Debug|iPhone.ActiveCfg = Debug|iPhone
		{CB000449-11E5-37D7-C757-4180FA74275D}.Debug|iPhone.Build.0 = Debug|iPhone
		{CB000449-11E5-37D7-C757-4180FA74275D}.Release|iPhone.ActiveCfg = Release|iPhone
		{CB000449-11E5-37D7-C757-4180FA74275D}.Release|iPhone.Build.0 = Release|iPhone
		{CB000449-11E5-37D7-C757-4180FA74275D}.Debug|Any CPU.ActiveCfg = Debug|iPhoneSimulator
		{CB000449-11E5-37D7-C757-4180FA74275D}.Debug|Any CPU.Build.0 = Debug|iPhoneSimulator
		{CB000449-11E5-37D7-C757-4180FA74275D}.Release|Any CPU.ActiveCfg = Debug|iPhoneSimulator
		{CB000449-11E5-37D7-C757-4180FA74275D}.Release|Any CPU.Build.0 = Debug|iPhoneSimulator
		{FB0374D9-4A15-4F14-BC79-A88406FC4966}.Debug|iPhoneSimulator.ActiveCfg = Debug|iPhoneSimulator
		{FB0374D9-4A15-4F14-BC79-A88406FC4966}.Debug|iPhoneSimulator.Build.0 = Debug|iPhoneSimulator
		{FB0374D9-4A15-4F14-BC79-A88406FC4966}.Release|iPhoneSimulator.ActiveCfg = Release|iPhoneSimulator
		{FB0374D9-4A15-4F14-BC79-A88406FC4966}.Release|iPhoneSimulator.Build.0 = Release|iPhoneSimulator
		{FB0374D9-4A15-4F14-BC79-A88406FC4966}.Debug|iPhone.ActiveCfg = Debug|iPhone
		{FB0374D9-4A15-4F14-BC79-A88406FC4966}.Debug|iPhone.Build.0 = Debug|iPhone
		{FB0374D9-4A15-4F14-BC79-A88406FC4966}.Release|iPhone.ActiveCfg = Release|iPhone
		{FB0374D9-4A15-4F14-BC79-A88406FC4966}.Release|iPhone.Build.0 = Release|iPhone
		{FB0374D9-4A15-4F14-BC79-A88406FC4966}.Debug|Any CPU.ActiveCfg = Debug|iPhoneSimulator
		{FB0374D9-4A15-4F14-BC79-A88406FC4966}.Debug|Any CPU.Build.0 = Debug|iPhoneSimulator
		{FB0374D9-4A15-4F14-BC79-A88406FC4966}.Release|Any CPU.ActiveCfg = Debug|iPhoneSimulator
		{FB0374D9-4A15-4F14-BC79-A88406FC4966}.Release|Any CPU.Build.0 = Debug|iPhoneSimulator
		{D348AA85-B644-2187-C237-34DA88BFCA77}.Debug|iPhoneSimulator.ActiveCfg = Debug|iPhoneSimulator
		{D348AA85-B644-2187-C237-34DA88BFCA77}.Debug|iPhoneSimulator.Build.0 = Debug|iPhoneSimulator
		{D348AA85-B644-2187-C237-34DA88BFCA77}.Release|iPhoneSimulator.ActiveCfg = Release|iPhoneSimulator
		{D348AA85-B644-2187-C237-34DA88BFCA77}.Release|iPhoneSimulator.Build.0 = Release|iPhoneSimulator
		{D348AA85-B644-2187-C237-34DA88BFCA77}.Debug|iPhone.ActiveCfg = Debug|iPhone
		{D348AA85-B644-2187-C237-34DA88BFCA77}.Debug|iPhone.Build.0 = Debug|iPhone
		{D348AA85-B644-2187-C237-34DA88BFCA77}.Release|iPhone.ActiveCfg = Release|iPhone
		{D348AA85-B644-2187-C237-34DA88BFCA77}.Release|iPhone.Build.0 = Release|iPhone
		{D348AA85-B644-2187-C237-34DA88BFCA77}.Debug|Any CPU.ActiveCfg = Debug|iPhoneSimulator
		{D348AA85-B644-2187-C237-34DA88BFCA77}.Debug|Any CPU.Build.0 = Debug|iPhoneSimulator
		{D348AA85-B644-2187-C237-34DA88BFCA77}.Release|Any CPU.ActiveCfg = Debug|iPhoneSimulator
		{D348AA85-B644-2187-C237-34DA88BFCA77}.Release|Any CPU.Build.0 = Debug|iPhoneSimulator
		{2FD12269-09D5-AD2C-9E59-6A18FCB2241F}.Debug|iPhoneSimulator.ActiveCfg = Debug|iPhoneSimulator
		{2FD12269-09D5-AD2C-9E59-6A18FCB2241F}.Debug|iPhoneSimulator.Build.0 = Debug|iPhoneSimulator
		{2FD12269-09D5-AD2C-9E59-6A18FCB2241F}.Release|iPhoneSimulator.ActiveCfg = Release|iPhoneSimulator
		{2FD12269-09D5-AD2C-9E59-6A18FCB2241F}.Release|iPhoneSimulator.Build.0 = Release|iPhoneSimulator
		{2FD12269-09D5-AD2C-9E59-6A18FCB2241F}.Debug|iPhone.ActiveCfg = Debug|iPhone
		{2FD12269-09D5-AD2C-9E59-6A18FCB2241F}.Debug|iPhone.Build.0 = Debug|iPhone
		{2FD12269-09D5-AD2C-9E59-6A18FCB2241F}.Release|iPhone.ActiveCfg = Release|iPhone
		{2FD12269-09D5-AD2C-9E59-6A18FCB2241F}.Release|iPhone.Build.0 = Release|iPhone
		{2FD12269-09D5-AD2C-9E59-6A18FCB2241F}.Debug|Any CPU.ActiveCfg = Debug|iPhoneSimulator
		{2FD12269-09D5-AD2C-9E59-6A18FCB2241F}.Debug|Any CPU.Build.0 = Debug|iPhoneSimulator
		{2FD12269-09D5-AD2C-9E59-6A18FCB2241F}.Release|Any CPU.ActiveCfg = Debug|iPhoneSimulator
		{2FD12269-09D5-AD2C-9E59-6A18FCB2241F}.Release|Any CPU.Build.0 = Debug|iPhoneSimulator
		{D4AF3416-BC36-1522-41E9-43C85DB18D84}.Debug|iPhoneSimulator.ActiveCfg = Debug|iPhoneSimulator
		{D4AF3416-BC36-1522-41E9-43C85DB18D84}.Debug|iPhoneSimulator.Build.0 = Debug|iPhoneSimulator
		{D4AF3416-BC36-1522-41E9-43C85DB18D84}.Release|iPhoneSimulator.ActiveCfg = Release|iPhoneSimulator
		{D4AF3416-BC36-1522-41E9-43C85DB18D84}.Release|iPhoneSimulator.Build.0 = Release|iPhoneSimulator
		{D4AF3416-BC36-1522-41E9-43C85DB18D84}.Debug|iPhone.ActiveCfg = Debug|iPhone
		{D4AF3416-BC36-1522-41E9-43C85DB18D84}.Debug|iPhone.Build.0 = Debug|iPhone
		{D4AF3416-BC36-1522-41E9-43C85DB18D84}.Release|iPhone.ActiveCfg = Release|iPhone
		{D4AF3416-BC36-1522-41E9-43C85DB18D84}.Release|iPhone.Build.0 = Release|iPhone
		{D4AF3416-BC36-1522-41E9-43C85DB18D84}.Debug|Any CPU.ActiveCfg = Debug|iPhoneSimulator
		{D4AF3416-BC36-1522-41E9-43C85DB18D84}.Debug|Any CPU.Build.0 = Debug|iPhoneSimulator
		{D4AF3416-BC36-1522-41E9-43C85DB18D84}.Release|Any CPU.ActiveCfg = Debug|iPhoneSimulator
		{D4AF3416-BC36-1522-41E9-43C85DB18D84}.Release|Any CPU.Build.0 = Debug|iPhoneSimulator
		{BA08B246-1AE4-F419-926F-2EA9ED5DAF90}.Debug|iPhoneSimulator.ActiveCfg = Debug|iPhoneSimulator
		{BA08B246-1AE4-F419-926F-2EA9ED5DAF90}.Debug|iPhoneSimulator.Build.0 = Debug|iPhoneSimulator
		{BA08B246-1AE4-F419-926F-2EA9ED5DAF90}.Release|iPhoneSimulator.ActiveCfg = Release|iPhoneSimulator
		{BA08B246-1AE4-F419-926F-2EA9ED5DAF90}.Release|iPhoneSimulator.Build.0 = Release|iPhoneSimulator
		{BA08B246-1AE4-F419-926F-2EA9ED5DAF90}.Debug|iPhone.ActiveCfg = Debug|iPhone
		{BA08B246-1AE4-F419-926F-2EA9ED5DAF90}.Debug|iPhone.Build.0 = Debug|iPhone
		{BA08B246-1AE4-F419-926F-2EA9ED5DAF90}.Release|iPhone.ActiveCfg = Release|iPhone
		{BA08B246-1AE4-F419-926F-2EA9ED5DAF90}.Release|iPhone.Build.0 = Release|iPhone
		{BA08B246-1AE4-F419-926F-2EA9ED5DAF90}.Debug|Any CPU.ActiveCfg = Debug|iPhoneSimulator
		{BA08B246-1AE4-F419-926F-2EA9ED5DAF90}.Debug|Any CPU.Build.0 = Debug|iPhoneSimulator
		{BA08B246-1AE4-F419-926F-2EA9ED5DAF90}.Release|Any CPU.ActiveCfg = Debug|iPhoneSimulator
		{BA08B246-1AE4-F419-926F-2EA9ED5DAF90}.Release|Any CPU.Build.0 = Debug|iPhoneSimulator
		{EA3885C2-6A88-1007-BE44-29E6997B9856}.Debug|iPhoneSimulator.ActiveCfg = Debug|iPhoneSimulator
		{EA3885C2-6A88-1007-BE44-29E6997B9856}.Debug|iPhoneSimulator.Build.0 = Debug|iPhoneSimulator
		{EA3885C2-6A88-1007-BE44-29E6997B9856}.Release|iPhoneSimulator.ActiveCfg = Release|iPhoneSimulator
		{EA3885C2-6A88-1007-BE44-29E6997B9856}.Release|iPhoneSimulator.Build.0 = Release|iPhoneSimulator
		{EA3885C2-6A88-1007-BE44-29E6997B9856}.Debug|iPhone.ActiveCfg = Debug|iPhone
		{EA3885C2-6A88-1007-BE44-29E6997B9856}.Debug|iPhone.Build.0 = Debug|iPhone
		{EA3885C2-6A88-1007-BE44-29E6997B9856}.Release|iPhone.ActiveCfg = Release|iPhone
		{EA3885C2-6A88-1007-BE44-29E6997B9856}.Release|iPhone.Build.0 = Release|iPhone
		{EA3885C2-6A88-1007-BE44-29E6997B9856}.Debug|Any CPU.ActiveCfg = Debug|iPhoneSimulator
		{EA3885C2-6A88-1007-BE44-29E6997B9856}.Debug|Any CPU.Build.0 = Debug|iPhoneSimulator
		{EA3885C2-6A88-1007-BE44-29E6997B9856}.Release|Any CPU.ActiveCfg = Debug|iPhoneSimulator
		{EA3885C2-6A88-1007-BE44-29E6997B9856}.Release|Any CPU.Build.0 = Debug|iPhoneSimulator
		{C761790B-0C12-72AA-D4E3-671F2AA1719E}.Debug|iPhoneSimulator.ActiveCfg = Debug|iPhoneSimulator
		{C761790B-0C12-72AA-D4E3-671F2AA1719E}.Debug|iPhoneSimulator.Build.0 = Debug|iPhoneSimulator
		{C761790B-0C12-72AA-D4E3-671F2AA1719E}.Release|iPhoneSimulator.ActiveCfg = Release|iPhoneSimulator
		{C761790B-0C12-72AA-D4E3-671F2AA1719E}.Release|iPhoneSimulator.Build.0 = Release|iPhoneSimulator
		{C761790B-0C12-72AA-D4E3-671F2AA1719E}.Debug|iPhone.ActiveCfg = Debug|iPhone
		{C761790B-0C12-72AA-D4E3-671F2AA1719E}.Debug|iPhone.Build.0 = Debug|iPhone
		{C761790B-0C12-72AA-D4E3-671F2AA1719E}.Release|iPhone.ActiveCfg = Release|iPhone
		{C761790B-0C12-72AA-D4E3-671F2AA1719E}.Release|iPhone.Build.0 = Release|iPhone
		{C761790B-0C12-72AA-D4E3-671F2AA1719E}.Debug|Any CPU.ActiveCfg = Debug|iPhoneSimulator
		{C761790B-0C12-72AA-D4E3-671F2AA1719E}.Debug|Any CPU.Build.0 = Debug|iPhoneSimulator
		{C761790B-0C12-72AA-D4E3-671F2AA1719E}.Release|Any CPU.ActiveCfg = Debug|iPhoneSimulator
		{C761790B-0C12-72AA-D4E3-671F2AA1719E}.Release|Any CPU.Build.0 = Debug|iPhoneSimulator
		{01D5D6F0-C210-0165-D4AC-85B038CCC1D8}.Debug|iPhoneSimulator.ActiveCfg = Debug|iPhoneSimulator
		{01D5D6F0-C210-0165-D4AC-85B038CCC1D8}.Debug|iPhoneSimulator.Build.0 = Debug|iPhoneSimulator
		{01D5D6F0-C210-0165-D4AC-85B038CCC1D8}.Release|iPhoneSimulator.ActiveCfg = Release|iPhoneSimulator
		{01D5D6F0-C210-0165-D4AC-85B038CCC1D8}.Release|iPhoneSimulator.Build.0 = Release|iPhoneSimulator
		{01D5D6F0-C210-0165-D4AC-85B038CCC1D8}.Debug|iPhone.ActiveCfg = Debug|iPhone
		{01D5D6F0-C210-0165-D4AC-85B038CCC1D8}.Debug|iPhone.Build.0 = Debug|iPhone
		{01D5D6F0-C210-0165-D4AC-85B038CCC1D8}.Release|iPhone.ActiveCfg = Release|iPhone
		{01D5D6F0-C210-0165-D4AC-85B038CCC1D8}.Release|iPhone.Build.0 = Release|iPhone
		{01D5D6F0-C210-0165-D4AC-85B038CCC1D8}.Debug|Any CPU.ActiveCfg = Debug|iPhoneSimulator
		{01D5D6F0-C210-0165-D4AC-85B038CCC1D8}.Debug|Any CPU.Build.0 = Debug|iPhoneSimulator
		{01D5D6F0-C210-0165-D4AC-85B038CCC1D8}.Release|Any CPU.ActiveCfg = Debug|iPhoneSimulator
		{01D5D6F0-C210-0165-D4AC-85B038CCC1D8}.Release|Any CPU.Build.0 = Debug|iPhoneSimulator
		{89B53407-2C05-975F-A09F-F131D5312DAA}.Debug|iPhoneSimulator.ActiveCfg = Debug|iPhoneSimulator
		{89B53407-2C05-975F-A09F-F131D5312DAA}.Debug|iPhoneSimulator.Build.0 = Debug|iPhoneSimulator
		{89B53407-2C05-975F-A09F-F131D5312DAA}.Release|iPhoneSimulator.ActiveCfg = Release|iPhoneSimulator
		{89B53407-2C05-975F-A09F-F131D5312DAA}.Release|iPhoneSimulator.Build.0 = Release|iPhoneSimulator
		{89B53407-2C05-975F-A09F-F131D5312DAA}.Debug|iPhone.ActiveCfg = Debug|iPhone
		{89B53407-2C05-975F-A09F-F131D5312DAA}.Debug|iPhone.Build.0 = Debug|iPhone
		{89B53407-2C05-975F-A09F-F131D5312DAA}.Release|iPhone.ActiveCfg = Release|iPhone
		{89B53407-2C05-975F-A09F-F131D5312DAA}.Release|iPhone.Build.0 = Release|iPhone
		{89B53407-2C05-975F-A09F-F131D5312DAA}.Debug|Any CPU.ActiveCfg = Debug|iPhoneSimulator
		{89B53407-2C05-975F-A09F-F131D5312DAA}.Debug|Any CPU.Build.0 = Debug|iPhoneSimulator
		{89B53407-2C05-975F-A09F-F131D5312DAA}.Release|Any CPU.ActiveCfg = Debug|iPhoneSimulator
		{89B53407-2C05-975F-A09F-F131D5312DAA}.Release|Any CPU.Build.0 = Debug|iPhoneSimulator
		{A823F088-0836-20BB-D955-8B26BD9057BC}.Debug|iPhoneSimulator.ActiveCfg = Debug|iPhoneSimulator
		{A823F088-0836-20BB-D955-8B26BD9057BC}.Debug|iPhoneSimulator.Build.0 = Debug|iPhoneSimulator
		{A823F088-0836-20BB-D955-8B26BD9057BC}.Release|iPhoneSimulator.ActiveCfg = Release|iPhoneSimulator
		{A823F088-0836-20BB-D955-8B26BD9057BC}.Release|iPhoneSimulator.Build.0 = Release|iPhoneSimulator
		{A823F088-0836-20BB-D955-8B26BD9057BC}.Debug|iPhone.ActiveCfg = Debug|iPhone
		{A823F088-0836-20BB-D955-8B26BD9057BC}.Debug|iPhone.Build.0 = Debug|iPhone
		{A823F088-0836-20BB-D955-8B26BD9057BC}.Release|iPhone.ActiveCfg = Release|iPhone
		{A823F088-0836-20BB-D955-8B26BD9057BC}.Release|iPhone.Build.0 = Release|iPhone
		{A823F088-0836-20BB-D955-8B26BD9057BC}.Debug|Any CPU.ActiveCfg = Debug|iPhoneSimulator
		{A823F088-0836-20BB-D955-8B26BD9057BC}.Debug|Any CPU.Build.0 = Debug|iPhoneSimulator
		{A823F088-0836-20BB-D955-8B26BD9057BC}.Release|Any CPU.ActiveCfg = Debug|iPhoneSimulator
		{A823F088-0836-20BB-D955-8B26BD9057BC}.Release|Any CPU.Build.0 = Debug|iPhoneSimulator
		{3D440BA8-29F8-EB17-6858-209114E79FD3}.Debug|iPhoneSimulator.ActiveCfg = Debug|iPhoneSimulator
		{3D440BA8-29F8-EB17-6858-209114E79FD3}.Debug|iPhoneSimulator.Build.0 = Debug|iPhoneSimulator
		{3D440BA8-29F8-EB17-6858-209114E79FD3}.Release|iPhoneSimulator.ActiveCfg = Release|iPhoneSimulator
		{3D440BA8-29F8-EB17-6858-209114E79FD3}.Release|iPhoneSimulator.Build.0 = Release|iPhoneSimulator
		{3D440BA8-29F8-EB17-6858-209114E79FD3}.Debug|iPhone.ActiveCfg = Debug|iPhone
		{3D440BA8-29F8-EB17-6858-209114E79FD3}.Debug|iPhone.Build.0 = Debug|iPhone
		{3D440BA8-29F8-EB17-6858-209114E79FD3}.Release|iPhone.ActiveCfg = Release|iPhone
		{3D440BA8-29F8-EB17-6858-209114E79FD3}.Release|iPhone.Build.0 = Release|iPhone
		{3D440BA8-29F8-EB17-6858-209114E79FD3}.Debug|Any CPU.ActiveCfg = Debug|iPhoneSimulator
		{3D440BA8-29F8-EB17-6858-209114E79FD3}.Debug|Any CPU.Build.0 = Debug|iPhoneSimulator
		{3D440BA8-29F8-EB17-6858-209114E79FD3}.Release|Any CPU.ActiveCfg = Debug|iPhoneSimulator
		{3D440BA8-29F8-EB17-6858-209114E79FD3}.Release|Any CPU.Build.0 = Debug|iPhoneSimulator
		{7340A1C6-61A5-42D2-9DBC-6688D2E70F62}.Debug|iPhoneSimulator.ActiveCfg = Debug|Any CPU
		{7340A1C6-61A5-42D2-9DBC-6688D2E70F62}.Debug|iPhoneSimulator.Build.0 = Debug|Any CPU
		{7340A1C6-61A5-42D2-9DBC-6688D2E70F62}.Release|iPhoneSimulator.ActiveCfg = Release|Any CPU
		{7340A1C6-61A5-42D2-9DBC-6688D2E70F62}.Release|iPhoneSimulator.Build.0 = Release|Any CPU
		{7340A1C6-61A5-42D2-9DBC-6688D2E70F62}.Debug|iPhone.ActiveCfg = Debug|Any CPU
		{7340A1C6-61A5-42D2-9DBC-6688D2E70F62}.Debug|iPhone.Build.0 = Debug|Any CPU
		{7340A1C6-61A5-42D2-9DBC-6688D2E70F62}.Release|iPhone.ActiveCfg = Release|Any CPU
		{7340A1C6-61A5-42D2-9DBC-6688D2E70F62}.Release|iPhone.Build.0 = Release|Any CPU
		{7340A1C6-61A5-42D2-9DBC-6688D2E70F62}.Debug|Any CPU.ActiveCfg = Debug|Any CPU
		{7340A1C6-61A5-42D2-9DBC-6688D2E70F62}.Debug|Any CPU.Build.0 = Debug|Any CPU
		{7340A1C6-61A5-42D2-9DBC-6688D2E70F62}.Release|Any CPU.ActiveCfg = Release|Any CPU
		{7340A1C6-61A5-42D2-9DBC-6688D2E70F62}.Release|Any CPU.Build.0 = Release|Any CPU
		{0C979851-15E9-4BB6-AD79-5F0C7DF69456}.Debug|iPhoneSimulator.ActiveCfg = Debug|Any CPU
		{0C979851-15E9-4BB6-AD79-5F0C7DF69456}.Debug|iPhoneSimulator.Build.0 = Debug|Any CPU
		{0C979851-15E9-4BB6-AD79-5F0C7DF69456}.Release|iPhoneSimulator.ActiveCfg = Release|Any CPU
		{0C979851-15E9-4BB6-AD79-5F0C7DF69456}.Release|iPhoneSimulator.Build.0 = Release|Any CPU
		{0C979851-15E9-4BB6-AD79-5F0C7DF69456}.Debug|iPhone.ActiveCfg = Debug|Any CPU
		{0C979851-15E9-4BB6-AD79-5F0C7DF69456}.Debug|iPhone.Build.0 = Debug|Any CPU
		{0C979851-15E9-4BB6-AD79-5F0C7DF69456}.Release|iPhone.ActiveCfg = Release|Any CPU
		{0C979851-15E9-4BB6-AD79-5F0C7DF69456}.Release|iPhone.Build.0 = Release|Any CPU
		{0C979851-15E9-4BB6-AD79-5F0C7DF69456}.Debug|Any CPU.ActiveCfg = Debug|Any CPU
		{0C979851-15E9-4BB6-AD79-5F0C7DF69456}.Debug|Any CPU.Build.0 = Debug|Any CPU
		{0C979851-15E9-4BB6-AD79-5F0C7DF69456}.Release|Any CPU.ActiveCfg = Release|Any CPU
		{0C979851-15E9-4BB6-AD79-5F0C7DF69456}.Release|Any CPU.Build.0 = Release|Any CPU
		{831EF5B4-562E-4D83-28A1-072A1EA62614}.Debug|iPhoneSimulator.ActiveCfg = Debug|iPhoneSimulator
		{831EF5B4-562E-4D83-28A1-072A1EA62614}.Debug|iPhoneSimulator.Build.0 = Debug|iPhoneSimulator
		{831EF5B4-562E-4D83-28A1-072A1EA62614}.Release|iPhoneSimulator.ActiveCfg = Release|iPhoneSimulator
		{831EF5B4-562E-4D83-28A1-072A1EA62614}.Release|iPhoneSimulator.Build.0 = Release|iPhoneSimulator
		{831EF5B4-562E-4D83-28A1-072A1EA62614}.Debug|iPhone.ActiveCfg = Debug|iPhone
		{831EF5B4-562E-4D83-28A1-072A1EA62614}.Debug|iPhone.Build.0 = Debug|iPhone
		{831EF5B4-562E-4D83-28A1-072A1EA62614}.Release|iPhone.ActiveCfg = Release|iPhone
		{831EF5B4-562E-4D83-28A1-072A1EA62614}.Release|iPhone.Build.0 = Release|iPhone
		{DA109EA4-9480-4781-A08A-2E3EB90EB9D9}.Debug|iPhoneSimulator.ActiveCfg = Debug|iPhoneSimulator
		{DA109EA4-9480-4781-A08A-2E3EB90EB9D9}.Debug|iPhoneSimulator.Build.0 = Debug|iPhoneSimulator
		{DA109EA4-9480-4781-A08A-2E3EB90EB9D9}.Release|iPhoneSimulator.ActiveCfg = Release|iPhoneSimulator
		{DA109EA4-9480-4781-A08A-2E3EB90EB9D9}.Release|iPhoneSimulator.Build.0 = Release|iPhoneSimulator
		{DA109EA4-9480-4781-A08A-2E3EB90EB9D9}.Debug|iPhone.ActiveCfg = Debug|iPhone
		{DA109EA4-9480-4781-A08A-2E3EB90EB9D9}.Debug|iPhone.Build.0 = Debug|iPhone
		{DA109EA4-9480-4781-A08A-2E3EB90EB9D9}.Release|iPhone.ActiveCfg = Release|iPhone
		{DA109EA4-9480-4781-A08A-2E3EB90EB9D9}.Release|iPhone.Build.0 = Release|iPhone
		{1F505595-04F0-4B02-8852-3E9225DE9C89}.Debug|iPhoneSimulator.ActiveCfg = Debug|iPhoneSimulator
		{1F505595-04F0-4B02-8852-3E9225DE9C89}.Debug|iPhoneSimulator.Build.0 = Debug|iPhoneSimulator
		{1F505595-04F0-4B02-8852-3E9225DE9C89}.Release|iPhoneSimulator.ActiveCfg = Release|iPhoneSimulator
		{1F505595-04F0-4B02-8852-3E9225DE9C89}.Release|iPhoneSimulator.Build.0 = Release|iPhoneSimulator
		{1F505595-04F0-4B02-8852-3E9225DE9C89}.Debug|iPhone.ActiveCfg = Debug|iPhone
		{1F505595-04F0-4B02-8852-3E9225DE9C89}.Debug|iPhone.Build.0 = Debug|iPhone
		{1F505595-04F0-4B02-8852-3E9225DE9C89}.Release|iPhone.ActiveCfg = Release|iPhone
		{1F505595-04F0-4B02-8852-3E9225DE9C89}.Release|iPhone.Build.0 = Release|iPhone
		{6027FD99-39A1-4325-875A-AC02C0D4D177}.Debug|iPhoneSimulator.ActiveCfg = Debug|iPhoneSimulator
		{6027FD99-39A1-4325-875A-AC02C0D4D177}.Debug|iPhoneSimulator.Build.0 = Debug|iPhoneSimulator
		{6027FD99-39A1-4325-875A-AC02C0D4D177}.Release|iPhoneSimulator.ActiveCfg = Release|iPhoneSimulator
		{6027FD99-39A1-4325-875A-AC02C0D4D177}.Release|iPhoneSimulator.Build.0 = Release|iPhoneSimulator
		{6027FD99-39A1-4325-875A-AC02C0D4D177}.Debug|iPhone.ActiveCfg = Debug|iPhone
		{6027FD99-39A1-4325-875A-AC02C0D4D177}.Debug|iPhone.Build.0 = Debug|iPhone
		{6027FD99-39A1-4325-875A-AC02C0D4D177}.Release|iPhone.ActiveCfg = Release|iPhone
		{6027FD99-39A1-4325-875A-AC02C0D4D177}.Release|iPhone.Build.0 = Release|iPhone
		{913249DE-D559-430E-873F-9C20ED4EF9B8}.Debug|iPhoneSimulator.ActiveCfg = Debug|iPhoneSimulator
		{913249DE-D559-430E-873F-9C20ED4EF9B8}.Debug|iPhoneSimulator.Build.0 = Debug|iPhoneSimulator
		{913249DE-D559-430E-873F-9C20ED4EF9B8}.Release|iPhoneSimulator.ActiveCfg = Release|iPhoneSimulator
		{913249DE-D559-430E-873F-9C20ED4EF9B8}.Release|iPhoneSimulator.Build.0 = Release|iPhoneSimulator
		{913249DE-D559-430E-873F-9C20ED4EF9B8}.Debug|iPhone.ActiveCfg = Debug|iPhone
		{913249DE-D559-430E-873F-9C20ED4EF9B8}.Debug|iPhone.Build.0 = Debug|iPhone
		{913249DE-D559-430E-873F-9C20ED4EF9B8}.Release|iPhone.ActiveCfg = Release|iPhone
		{913249DE-D559-430E-873F-9C20ED4EF9B8}.Release|iPhone.Build.0 = Release|iPhone
		{1AD2FA2A-26A2-317F-96B9-0E9B994F5C8D}.Debug|iPhoneSimulator.ActiveCfg = Debug|iPhoneSimulator
		{1AD2FA2A-26A2-317F-96B9-0E9B994F5C8D}.Debug|iPhoneSimulator.Build.0 = Debug|iPhoneSimulator
		{1AD2FA2A-26A2-317F-96B9-0E9B994F5C8D}.Release|iPhoneSimulator.ActiveCfg = Release|iPhoneSimulator
		{1AD2FA2A-26A2-317F-96B9-0E9B994F5C8D}.Release|iPhoneSimulator.Build.0 = Release|iPhoneSimulator
		{1AD2FA2A-26A2-317F-96B9-0E9B994F5C8D}.Debug|iPhone.ActiveCfg = Debug|iPhone
		{1AD2FA2A-26A2-317F-96B9-0E9B994F5C8D}.Debug|iPhone.Build.0 = Debug|iPhone
		{1AD2FA2A-26A2-317F-96B9-0E9B994F5C8D}.Release|iPhone.ActiveCfg = Release|iPhone
		{1AD2FA2A-26A2-317F-96B9-0E9B994F5C8D}.Release|iPhone.Build.0 = Release|iPhone
		{9F163330-6AC4-85B4-4C4C-9B8E772BBA1F}.Debug|iPhoneSimulator.ActiveCfg = Debug|iPhoneSimulator
		{9F163330-6AC4-85B4-4C4C-9B8E772BBA1F}.Debug|iPhoneSimulator.Build.0 = Debug|iPhoneSimulator
		{9F163330-6AC4-85B4-4C4C-9B8E772BBA1F}.Release|iPhoneSimulator.ActiveCfg = Release|iPhoneSimulator
		{9F163330-6AC4-85B4-4C4C-9B8E772BBA1F}.Release|iPhoneSimulator.Build.0 = Release|iPhoneSimulator
		{9F163330-6AC4-85B4-4C4C-9B8E772BBA1F}.Debug|iPhone.ActiveCfg = Debug|iPhone
		{9F163330-6AC4-85B4-4C4C-9B8E772BBA1F}.Debug|iPhone.Build.0 = Debug|iPhone
		{9F163330-6AC4-85B4-4C4C-9B8E772BBA1F}.Release|iPhone.ActiveCfg = Release|iPhone
		{9F163330-6AC4-85B4-4C4C-9B8E772BBA1F}.Release|iPhone.Build.0 = Release|iPhone
		{95B73E69-2E60-E9E3-9FE3-9079B1E509AA}.Debug|iPhoneSimulator.ActiveCfg = Debug|iPhoneSimulator
		{95B73E69-2E60-E9E3-9FE3-9079B1E509AA}.Debug|iPhoneSimulator.Build.0 = Debug|iPhoneSimulator
		{95B73E69-2E60-E9E3-9FE3-9079B1E509AA}.Release|iPhoneSimulator.ActiveCfg = Release|iPhoneSimulator
		{95B73E69-2E60-E9E3-9FE3-9079B1E509AA}.Release|iPhoneSimulator.Build.0 = Release|iPhoneSimulator
		{95B73E69-2E60-E9E3-9FE3-9079B1E509AA}.Debug|iPhone.ActiveCfg = Debug|iPhone
		{95B73E69-2E60-E9E3-9FE3-9079B1E509AA}.Debug|iPhone.Build.0 = Debug|iPhone
		{95B73E69-2E60-E9E3-9FE3-9079B1E509AA}.Release|iPhone.ActiveCfg = Release|iPhone
		{95B73E69-2E60-E9E3-9FE3-9079B1E509AA}.Release|iPhone.Build.0 = Release|iPhone
		{5841F8C4-9B59-1AC9-C303-C6BFF94B3D7F}.Debug|iPhoneSimulator.ActiveCfg = Debug|iPhoneSimulator
		{5841F8C4-9B59-1AC9-C303-C6BFF94B3D7F}.Debug|iPhoneSimulator.Build.0 = Debug|iPhoneSimulator
		{5841F8C4-9B59-1AC9-C303-C6BFF94B3D7F}.Release|iPhoneSimulator.ActiveCfg = Release|iPhoneSimulator
		{5841F8C4-9B59-1AC9-C303-C6BFF94B3D7F}.Release|iPhoneSimulator.Build.0 = Release|iPhoneSimulator
		{5841F8C4-9B59-1AC9-C303-C6BFF94B3D7F}.Debug|iPhone.ActiveCfg = Debug|iPhone
		{5841F8C4-9B59-1AC9-C303-C6BFF94B3D7F}.Debug|iPhone.Build.0 = Debug|iPhone
		{5841F8C4-9B59-1AC9-C303-C6BFF94B3D7F}.Release|iPhone.ActiveCfg = Release|iPhone
		{5841F8C4-9B59-1AC9-C303-C6BFF94B3D7F}.Release|iPhone.Build.0 = Release|iPhone
		{F611ED96-54B5-4975-99BB-12F50AF95936}.Debug|iPhoneSimulator.ActiveCfg = Debug|Any CPU
		{F611ED96-54B5-4975-99BB-12F50AF95936}.Debug|iPhoneSimulator.Build.0 = Debug|Any CPU
		{F611ED96-54B5-4975-99BB-12F50AF95936}.Release|iPhoneSimulator.ActiveCfg = Release|Any CPU
		{F611ED96-54B5-4975-99BB-12F50AF95936}.Release|iPhoneSimulator.Build.0 = Release|Any CPU
		{F611ED96-54B5-4975-99BB-12F50AF95936}.Debug|iPhone.ActiveCfg = Debug|Any CPU
		{F611ED96-54B5-4975-99BB-12F50AF95936}.Debug|iPhone.Build.0 = Debug|Any CPU
		{F611ED96-54B5-4975-99BB-12F50AF95936}.Release|iPhone.ActiveCfg = Release|Any CPU
		{F611ED96-54B5-4975-99BB-12F50AF95936}.Release|iPhone.Build.0 = Release|Any CPU
		{F611ED96-54B5-4975-99BB-12F50AF95936}.Debug|Any CPU.ActiveCfg = Debug|Any CPU
		{F611ED96-54B5-4975-99BB-12F50AF95936}.Debug|Any CPU.Build.0 = Debug|Any CPU
		{F611ED96-54B5-4975-99BB-12F50AF95936}.Release|Any CPU.ActiveCfg = Release|Any CPU
		{F611ED96-54B5-4975-99BB-12F50AF95936}.Release|Any CPU.Build.0 = Release|Any CPU
		{2ECCE3D0-AAD1-46B9-B190-B567249DCF9D}.Debug|iPhoneSimulator.ActiveCfg = Debug|iPhoneSimulator
		{2ECCE3D0-AAD1-46B9-B190-B567249DCF9D}.Debug|iPhoneSimulator.Build.0 = Debug|iPhoneSimulator
		{2ECCE3D0-AAD1-46B9-B190-B567249DCF9D}.Debug|iPhone.ActiveCfg = Debug|iPhone
		{2ECCE3D0-AAD1-46B9-B190-B567249DCF9D}.Debug|iPhone.Build.0 = Debug|iPhone
		{2ECCE3D0-AAD1-46B9-B190-B567249DCF9D}.Release|iPhone.ActiveCfg = Release|iPhone
		{2ECCE3D0-AAD1-46B9-B190-B567249DCF9D}.Release|iPhone.Build.0 = Release|iPhone
		{2ECCE3D0-AAD1-46B9-B190-B567249DCF9D}.Release|iPhoneSimulator.ActiveCfg = Release|iPhoneSimulator
		{2ECCE3D0-AAD1-46B9-B190-B567249DCF9D}.Release|iPhoneSimulator.Build.0 = Release|iPhoneSimulator
		{E40B0B77-3467-4891-9117-7AF8F248E307}.Debug|iPhoneSimulator.ActiveCfg = Debug|Any CPU
		{E40B0B77-3467-4891-9117-7AF8F248E307}.Debug|iPhoneSimulator.Build.0 = Debug|Any CPU
		{E40B0B77-3467-4891-9117-7AF8F248E307}.Debug|iPhone.ActiveCfg = Debug|Any CPU
		{E40B0B77-3467-4891-9117-7AF8F248E307}.Debug|iPhone.Build.0 = Debug|Any CPU
		{E40B0B77-3467-4891-9117-7AF8F248E307}.Release|iPhone.ActiveCfg = Release|Any CPU
		{E40B0B77-3467-4891-9117-7AF8F248E307}.Release|iPhone.Build.0 = Release|Any CPU
		{E40B0B77-3467-4891-9117-7AF8F248E307}.Release|iPhoneSimulator.ActiveCfg = Release|Any CPU
		{E40B0B77-3467-4891-9117-7AF8F248E307}.Release|iPhoneSimulator.Build.0 = Release|Any CPU
	EndGlobalSection
EndGlobal
