
Microsoft Visual Studio Solution File, Format Version 12.00
# Visual Studio 2012
Project("{FAE04EC0-301F-11D3-BF4B-00C04F79EFBC}") = "mmptest", "mmptest\mmptest.csproj", "{6E5405EC-1F68-4CD8-AD4B-E4CCFBE47977}"
EndProject
Project("{FAE04EC0-301F-11D3-BF4B-00C04F79EFBC}") = "msbuild-mac", "msbuild-mac\msbuild-mac.csproj", "{F8500DCE-2119-4DF9-8360-0F46DDB6930C}"
EndProject
Project("{FAE04EC0-301F-11D3-BF4B-00C04F79EFBC}") = "GuiUnit_xammac_mobile", "..\external\guiunit\src\framework\GuiUnit_xammac_mobile.csproj", "{EACFD119-769E-4E6C-89B7-A6CE3757C431}"
EndProject
Project("{FAE04EC0-301F-11D3-BF4B-00C04F79EFBC}") = "xammac_tests", "xammac_tests\xammac_tests.csproj", "{22BF080C-AFAD-445B-8BB5-42B9E7FDBC68}"
EndProject
Project("{FAE04EC0-301F-11D3-BF4B-00C04F79EFBC}") = "GuiUnit_NET_4_5", "..\external\guiunit\src\framework\GuiUnit_NET_4_5.csproj", "{D12F0F7B-8DE3-43EC-BA49-41052D065A9B}"
EndProject
Project("{FAE04EC0-301F-11D3-BF4B-00C04F79EFBC}") = "dont link-mac-unified", "linker\mac\dont link\dont link-mac-unified.csproj", "{78831857-A261-8EE0-A5F6-33D2628DE5D0}"
EndProject
Project("{FAE04EC0-301F-11D3-BF4B-00C04F79EFBC}") = "apitest-unified", "apitest\apitest-unified.csproj", "{EF5231F6-E06A-BC8A-9B5C-181E2AC5EBBC}"
EndProject
Project("{FAE04EC0-301F-11D3-BF4B-00C04F79EFBC}") = "introspection-mac", "introspection\Mac\introspection-mac.csproj", "{EA3E6B50-AE2B-4A63-BBFC-9888B93331CA}"
EndProject
Project("{FAE04EC0-301F-11D3-BF4B-00C04F79EFBC}") = "introspection-mac-unified", "introspection\Mac\introspection-mac-unified.csproj", "{E0E84B58-C333-1BF3-D1EC-42EE3EA0D071}"
EndProject
Project("{FAE04EC0-301F-11D3-BF4B-00C04F79EFBC}") = "apitest", "apitest\apitest.csproj", "{7A0EDA95-30A6-43E1-AD43-368AD95AC48B}"
EndProject
Project("{FAE04EC0-301F-11D3-BF4B-00C04F79EFBC}") = "apitest-unified-32", "apitest\apitest-unified-32.csproj", "{4863B19A-06DC-90CB-0A14-5C5F0023A237}"
EndProject
Project("{FAE04EC0-301F-11D3-BF4B-00C04F79EFBC}") = "apitest-unifiedXM45", "apitest\apitest-unifiedXM45.csproj", "{3E867194-BFE6-E5EC-F39F-63AF6A5304FF}"
EndProject
Project("{FAE04EC0-301F-11D3-BF4B-00C04F79EFBC}") = "apitest-unifiedXM45-32", "apitest\apitest-unifiedXM45-32.csproj", "{C74FC111-C78B-3723-456C-FBCA7CDA5147}"
EndProject
Project("{FAE04EC0-301F-11D3-BF4B-00C04F79EFBC}") = "dont link-mac", "linker\mac\dont link\dont link-mac.csproj", "{FD385098-B3FD-4331-92BF-CC1F918E3334}"
EndProject
Project("{FAE04EC0-301F-11D3-BF4B-00C04F79EFBC}") = "dont link-mac-unified-32", "linker\mac\dont link\dont link-mac-unified-32.csproj", "{E70715C3-299F-6FD5-E1C1-21949351D4B8}"
EndProject
Project("{FAE04EC0-301F-11D3-BF4B-00C04F79EFBC}") = "dont link-mac-unifiedXM45", "linker\mac\dont link\dont link-mac-unifiedXM45.csproj", "{A99E2CFD-3D03-D274-8E2C-036F0B00132F}"
EndProject
Project("{FAE04EC0-301F-11D3-BF4B-00C04F79EFBC}") = "dont link-mac-unifiedXM45-32", "linker\mac\dont link\dont link-mac-unifiedXM45-32.csproj", "{50CD2B87-A83C-1A43-A4B0-EA349E7082A5}"
EndProject
Project("{FAE04EC0-301F-11D3-BF4B-00C04F79EFBC}") = "link all-mac", "linker\mac\link all\link all-mac.csproj", "{4C943B12-C5AF-4CD4-B583-B4011D13CAAB}"
EndProject
Project("{FAE04EC0-301F-11D3-BF4B-00C04F79EFBC}") = "link sdk-mac", "linker\mac\link sdk\link sdk-mac.csproj", "{F5FF0F5E-0C30-4719-A2B1-5DAE33D1E579}"
EndProject
Project("{FAE04EC0-301F-11D3-BF4B-00C04F79EFBC}") = "bindings-test-mac", "bindings-test\bindings-test-mac.csproj", "{20BEA313-7E2D-4209-93C0-E4D99C72695A}"
EndProject
Project("{FAE04EC0-301F-11D3-BF4B-00C04F79EFBC}") = "introspection-mac-unified-32", "introspection\Mac\introspection-mac-unified-32.csproj", "{8FB17C3E-8642-8932-FAF9-FA0CE001FEC5}"
EndProject
Project("{FAE04EC0-301F-11D3-BF4B-00C04F79EFBC}") = "test-template-mac", "..\tools\test-template\test-template-mac\test-template-mac.csproj", "{A19E7BA3-FB49-480B-9C8A-07A1DA5D5EB4}"
EndProject
Global
	GlobalSection(SolutionConfigurationPlatforms) = preSolution
		Debug|Any CPU = Debug|Any CPU
		Release|Any CPU = Release|Any CPU
		Default|Any CPU = Default|Any CPU
		AppStore|Any CPU = AppStore|Any CPU
		Debug|x86 = Debug|x86
		Release|x86 = Release|x86
	EndGlobalSection
	GlobalSection(ProjectConfigurationPlatforms) = postSolution
		{6E5405EC-1F68-4CD8-AD4B-E4CCFBE47977}.Debug|Any CPU.ActiveCfg = Debug|x86
		{6E5405EC-1F68-4CD8-AD4B-E4CCFBE47977}.Debug|Any CPU.Build.0 = Debug|x86
		{6E5405EC-1F68-4CD8-AD4B-E4CCFBE47977}.Release|Any CPU.ActiveCfg = Release|x86
		{6E5405EC-1F68-4CD8-AD4B-E4CCFBE47977}.Release|Any CPU.Build.0 = Release|x86
		{6E5405EC-1F68-4CD8-AD4B-E4CCFBE47977}.Default|Any CPU.ActiveCfg = Debug|x86
		{6E5405EC-1F68-4CD8-AD4B-E4CCFBE47977}.Default|Any CPU.Build.0 = Debug|x86
		{6E5405EC-1F68-4CD8-AD4B-E4CCFBE47977}.AppStore|Any CPU.ActiveCfg = Debug|x86
		{6E5405EC-1F68-4CD8-AD4B-E4CCFBE47977}.AppStore|Any CPU.Build.0 = Debug|x86
		{6E5405EC-1F68-4CD8-AD4B-E4CCFBE47977}.Debug|x86.ActiveCfg = Debug|x86
		{6E5405EC-1F68-4CD8-AD4B-E4CCFBE47977}.Debug|x86.Build.0 = Debug|x86
		{6E5405EC-1F68-4CD8-AD4B-E4CCFBE47977}.Release|x86.ActiveCfg = Release|x86
		{6E5405EC-1F68-4CD8-AD4B-E4CCFBE47977}.Release|x86.Build.0 = Release|x86
		{F8500DCE-2119-4DF9-8360-0F46DDB6930C}.Debug|Any CPU.ActiveCfg = Debug|x86
		{F8500DCE-2119-4DF9-8360-0F46DDB6930C}.Debug|Any CPU.Build.0 = Debug|x86
		{F8500DCE-2119-4DF9-8360-0F46DDB6930C}.Release|Any CPU.ActiveCfg = Release|x86
		{F8500DCE-2119-4DF9-8360-0F46DDB6930C}.Release|Any CPU.Build.0 = Release|x86
		{F8500DCE-2119-4DF9-8360-0F46DDB6930C}.Default|Any CPU.ActiveCfg = Debug|x86
		{F8500DCE-2119-4DF9-8360-0F46DDB6930C}.Default|Any CPU.Build.0 = Debug|x86
		{F8500DCE-2119-4DF9-8360-0F46DDB6930C}.AppStore|Any CPU.ActiveCfg = Debug|x86
		{F8500DCE-2119-4DF9-8360-0F46DDB6930C}.AppStore|Any CPU.Build.0 = Debug|x86
		{F8500DCE-2119-4DF9-8360-0F46DDB6930C}.Debug|x86.ActiveCfg = Debug|x86
		{F8500DCE-2119-4DF9-8360-0F46DDB6930C}.Debug|x86.Build.0 = Debug|x86
		{F8500DCE-2119-4DF9-8360-0F46DDB6930C}.Release|x86.ActiveCfg = Release|x86
		{F8500DCE-2119-4DF9-8360-0F46DDB6930C}.Release|x86.Build.0 = Release|x86
		{EACFD119-769E-4E6C-89B7-A6CE3757C431}.Debug|Any CPU.ActiveCfg = Debug|Any CPU
		{EACFD119-769E-4E6C-89B7-A6CE3757C431}.Debug|Any CPU.Build.0 = Debug|Any CPU
		{EACFD119-769E-4E6C-89B7-A6CE3757C431}.Release|Any CPU.ActiveCfg = Release|Any CPU
		{EACFD119-769E-4E6C-89B7-A6CE3757C431}.Release|Any CPU.Build.0 = Release|Any CPU
		{EACFD119-769E-4E6C-89B7-A6CE3757C431}.Default|Any CPU.ActiveCfg = Debug|Any CPU
		{EACFD119-769E-4E6C-89B7-A6CE3757C431}.Default|Any CPU.Build.0 = Debug|Any CPU
		{EACFD119-769E-4E6C-89B7-A6CE3757C431}.AppStore|Any CPU.ActiveCfg = Debug|Any CPU
		{EACFD119-769E-4E6C-89B7-A6CE3757C431}.AppStore|Any CPU.Build.0 = Debug|Any CPU
		{EACFD119-769E-4E6C-89B7-A6CE3757C431}.Debug|x86.ActiveCfg = Debug|Any CPU
		{EACFD119-769E-4E6C-89B7-A6CE3757C431}.Debug|x86.Build.0 = Debug|Any CPU
		{EACFD119-769E-4E6C-89B7-A6CE3757C431}.Release|x86.ActiveCfg = Release|Any CPU
		{EACFD119-769E-4E6C-89B7-A6CE3757C431}.Release|x86.Build.0 = Release|Any CPU
		{22BF080C-AFAD-445B-8BB5-42B9E7FDBC68}.Debug|Any CPU.ActiveCfg = Debug|Any CPU
		{22BF080C-AFAD-445B-8BB5-42B9E7FDBC68}.Debug|Any CPU.Build.0 = Debug|Any CPU
		{22BF080C-AFAD-445B-8BB5-42B9E7FDBC68}.Release|Any CPU.ActiveCfg = Release|Any CPU
		{22BF080C-AFAD-445B-8BB5-42B9E7FDBC68}.Release|Any CPU.Build.0 = Release|Any CPU
		{22BF080C-AFAD-445B-8BB5-42B9E7FDBC68}.Default|Any CPU.ActiveCfg = Debug|Any CPU
		{22BF080C-AFAD-445B-8BB5-42B9E7FDBC68}.Default|Any CPU.Build.0 = Debug|Any CPU
		{22BF080C-AFAD-445B-8BB5-42B9E7FDBC68}.AppStore|Any CPU.ActiveCfg = Debug|Any CPU
		{22BF080C-AFAD-445B-8BB5-42B9E7FDBC68}.AppStore|Any CPU.Build.0 = Debug|Any CPU
		{22BF080C-AFAD-445B-8BB5-42B9E7FDBC68}.Debug|x86.ActiveCfg = Debug|Any CPU
		{22BF080C-AFAD-445B-8BB5-42B9E7FDBC68}.Debug|x86.Build.0 = Debug|Any CPU
		{22BF080C-AFAD-445B-8BB5-42B9E7FDBC68}.Release|x86.ActiveCfg = Release|Any CPU
		{22BF080C-AFAD-445B-8BB5-42B9E7FDBC68}.Release|x86.Build.0 = Release|Any CPU
		{D12F0F7B-8DE3-43EC-BA49-41052D065A9B}.Debug|Any CPU.ActiveCfg = Debug|Any CPU
		{D12F0F7B-8DE3-43EC-BA49-41052D065A9B}.Debug|Any CPU.Build.0 = Debug|Any CPU
		{D12F0F7B-8DE3-43EC-BA49-41052D065A9B}.Release|Any CPU.ActiveCfg = Release|Any CPU
		{D12F0F7B-8DE3-43EC-BA49-41052D065A9B}.Release|Any CPU.Build.0 = Release|Any CPU
		{D12F0F7B-8DE3-43EC-BA49-41052D065A9B}.Default|Any CPU.ActiveCfg = Debug|Any CPU
		{D12F0F7B-8DE3-43EC-BA49-41052D065A9B}.Default|Any CPU.Build.0 = Debug|Any CPU
		{D12F0F7B-8DE3-43EC-BA49-41052D065A9B}.AppStore|Any CPU.ActiveCfg = Debug|Any CPU
		{D12F0F7B-8DE3-43EC-BA49-41052D065A9B}.AppStore|Any CPU.Build.0 = Debug|Any CPU
		{D12F0F7B-8DE3-43EC-BA49-41052D065A9B}.Debug|x86.ActiveCfg = Debug|Any CPU
		{D12F0F7B-8DE3-43EC-BA49-41052D065A9B}.Debug|x86.Build.0 = Debug|Any CPU
		{D12F0F7B-8DE3-43EC-BA49-41052D065A9B}.Release|x86.ActiveCfg = Release|Any CPU
		{D12F0F7B-8DE3-43EC-BA49-41052D065A9B}.Release|x86.Build.0 = Release|Any CPU
		{78831857-A261-8EE0-A5F6-33D2628DE5D0}.Debug|Any CPU.ActiveCfg = Debug|x86
		{78831857-A261-8EE0-A5F6-33D2628DE5D0}.Debug|Any CPU.Build.0 = Debug|x86
		{78831857-A261-8EE0-A5F6-33D2628DE5D0}.Release|Any CPU.ActiveCfg = Release|x86
		{78831857-A261-8EE0-A5F6-33D2628DE5D0}.Release|Any CPU.Build.0 = Release|x86
		{78831857-A261-8EE0-A5F6-33D2628DE5D0}.Default|Any CPU.ActiveCfg = Debug|x86
		{78831857-A261-8EE0-A5F6-33D2628DE5D0}.Default|Any CPU.Build.0 = Debug|x86
		{78831857-A261-8EE0-A5F6-33D2628DE5D0}.AppStore|Any CPU.ActiveCfg = Debug|x86
		{78831857-A261-8EE0-A5F6-33D2628DE5D0}.AppStore|Any CPU.Build.0 = Debug|x86
		{78831857-A261-8EE0-A5F6-33D2628DE5D0}.Debug|x86.ActiveCfg = Debug|x86
		{78831857-A261-8EE0-A5F6-33D2628DE5D0}.Debug|x86.Build.0 = Debug|x86
		{78831857-A261-8EE0-A5F6-33D2628DE5D0}.Release|x86.ActiveCfg = Release|x86
		{78831857-A261-8EE0-A5F6-33D2628DE5D0}.Release|x86.Build.0 = Release|x86
		{EF5231F6-E06A-BC8A-9B5C-181E2AC5EBBC}.Debug|Any CPU.ActiveCfg = Debug|x86
		{EF5231F6-E06A-BC8A-9B5C-181E2AC5EBBC}.Debug|Any CPU.Build.0 = Debug|x86
		{EF5231F6-E06A-BC8A-9B5C-181E2AC5EBBC}.Release|Any CPU.ActiveCfg = Release|x86
		{EF5231F6-E06A-BC8A-9B5C-181E2AC5EBBC}.Release|Any CPU.Build.0 = Release|x86
		{EF5231F6-E06A-BC8A-9B5C-181E2AC5EBBC}.Default|Any CPU.ActiveCfg = Debug|x86
		{EF5231F6-E06A-BC8A-9B5C-181E2AC5EBBC}.Default|Any CPU.Build.0 = Debug|x86
		{EF5231F6-E06A-BC8A-9B5C-181E2AC5EBBC}.AppStore|Any CPU.ActiveCfg = Debug|x86
		{EF5231F6-E06A-BC8A-9B5C-181E2AC5EBBC}.AppStore|Any CPU.Build.0 = Debug|x86
		{EF5231F6-E06A-BC8A-9B5C-181E2AC5EBBC}.Debug|x86.ActiveCfg = Debug|x86
		{EF5231F6-E06A-BC8A-9B5C-181E2AC5EBBC}.Debug|x86.Build.0 = Debug|x86
		{EF5231F6-E06A-BC8A-9B5C-181E2AC5EBBC}.Release|x86.ActiveCfg = Release|x86
		{EF5231F6-E06A-BC8A-9B5C-181E2AC5EBBC}.Release|x86.Build.0 = Release|x86
		{EA3E6B50-AE2B-4A63-BBFC-9888B93331CA}.Debug|Any CPU.ActiveCfg = Debug|x86
		{EA3E6B50-AE2B-4A63-BBFC-9888B93331CA}.Debug|Any CPU.Build.0 = Debug|x86
		{EA3E6B50-AE2B-4A63-BBFC-9888B93331CA}.Release|Any CPU.ActiveCfg = Release|x86
		{EA3E6B50-AE2B-4A63-BBFC-9888B93331CA}.Release|Any CPU.Build.0 = Release|x86
		{EA3E6B50-AE2B-4A63-BBFC-9888B93331CA}.Default|Any CPU.ActiveCfg = Debug|x86
		{EA3E6B50-AE2B-4A63-BBFC-9888B93331CA}.Default|Any CPU.Build.0 = Debug|x86
		{EA3E6B50-AE2B-4A63-BBFC-9888B93331CA}.AppStore|Any CPU.ActiveCfg = Debug|x86
		{EA3E6B50-AE2B-4A63-BBFC-9888B93331CA}.AppStore|Any CPU.Build.0 = Debug|x86
		{EA3E6B50-AE2B-4A63-BBFC-9888B93331CA}.Debug|x86.ActiveCfg = Debug|x86
		{EA3E6B50-AE2B-4A63-BBFC-9888B93331CA}.Debug|x86.Build.0 = Debug|x86
		{EA3E6B50-AE2B-4A63-BBFC-9888B93331CA}.Release|x86.ActiveCfg = Release|x86
		{EA3E6B50-AE2B-4A63-BBFC-9888B93331CA}.Release|x86.Build.0 = Release|x86
		{E0E84B58-C333-1BF3-D1EC-42EE3EA0D071}.Debug|Any CPU.ActiveCfg = Debug|x86
		{E0E84B58-C333-1BF3-D1EC-42EE3EA0D071}.Debug|Any CPU.Build.0 = Debug|x86
		{E0E84B58-C333-1BF3-D1EC-42EE3EA0D071}.Release|Any CPU.ActiveCfg = Release|x86
		{E0E84B58-C333-1BF3-D1EC-42EE3EA0D071}.Release|Any CPU.Build.0 = Release|x86
		{E0E84B58-C333-1BF3-D1EC-42EE3EA0D071}.Default|Any CPU.ActiveCfg = Debug|x86
		{E0E84B58-C333-1BF3-D1EC-42EE3EA0D071}.Default|Any CPU.Build.0 = Debug|x86
		{E0E84B58-C333-1BF3-D1EC-42EE3EA0D071}.AppStore|Any CPU.ActiveCfg = Debug|x86
		{E0E84B58-C333-1BF3-D1EC-42EE3EA0D071}.AppStore|Any CPU.Build.0 = Debug|x86
		{E0E84B58-C333-1BF3-D1EC-42EE3EA0D071}.Debug|x86.ActiveCfg = Debug|x86
		{E0E84B58-C333-1BF3-D1EC-42EE3EA0D071}.Debug|x86.Build.0 = Debug|x86
		{E0E84B58-C333-1BF3-D1EC-42EE3EA0D071}.Release|x86.ActiveCfg = Release|x86
		{E0E84B58-C333-1BF3-D1EC-42EE3EA0D071}.Release|x86.Build.0 = Release|x86
		{7A0EDA95-30A6-43E1-AD43-368AD95AC48B}.Debug|Any CPU.ActiveCfg = Debug|x86
		{7A0EDA95-30A6-43E1-AD43-368AD95AC48B}.Debug|Any CPU.Build.0 = Debug|x86
		{7A0EDA95-30A6-43E1-AD43-368AD95AC48B}.Release|Any CPU.ActiveCfg = Release|x86
		{7A0EDA95-30A6-43E1-AD43-368AD95AC48B}.Release|Any CPU.Build.0 = Release|x86
		{7A0EDA95-30A6-43E1-AD43-368AD95AC48B}.Default|Any CPU.ActiveCfg = Debug|x86
		{7A0EDA95-30A6-43E1-AD43-368AD95AC48B}.Default|Any CPU.Build.0 = Debug|x86
		{7A0EDA95-30A6-43E1-AD43-368AD95AC48B}.AppStore|Any CPU.ActiveCfg = Debug|x86
		{7A0EDA95-30A6-43E1-AD43-368AD95AC48B}.AppStore|Any CPU.Build.0 = Debug|x86
		{7A0EDA95-30A6-43E1-AD43-368AD95AC48B}.Debug|x86.ActiveCfg = Debug|x86
		{7A0EDA95-30A6-43E1-AD43-368AD95AC48B}.Debug|x86.Build.0 = Debug|x86
		{7A0EDA95-30A6-43E1-AD43-368AD95AC48B}.Release|x86.ActiveCfg = Release|x86
		{7A0EDA95-30A6-43E1-AD43-368AD95AC48B}.Release|x86.Build.0 = Release|x86
		{4863B19A-06DC-90CB-0A14-5C5F0023A237}.Debug|Any CPU.ActiveCfg = Debug|x86
		{4863B19A-06DC-90CB-0A14-5C5F0023A237}.Debug|Any CPU.Build.0 = Debug|x86
		{4863B19A-06DC-90CB-0A14-5C5F0023A237}.Release|Any CPU.ActiveCfg = Release|x86
		{4863B19A-06DC-90CB-0A14-5C5F0023A237}.Release|Any CPU.Build.0 = Release|x86
		{4863B19A-06DC-90CB-0A14-5C5F0023A237}.Default|Any CPU.ActiveCfg = Debug|x86
		{4863B19A-06DC-90CB-0A14-5C5F0023A237}.Default|Any CPU.Build.0 = Debug|x86
		{4863B19A-06DC-90CB-0A14-5C5F0023A237}.AppStore|Any CPU.ActiveCfg = Debug|x86
		{4863B19A-06DC-90CB-0A14-5C5F0023A237}.AppStore|Any CPU.Build.0 = Debug|x86
		{4863B19A-06DC-90CB-0A14-5C5F0023A237}.Debug|x86.ActiveCfg = Debug|x86
		{4863B19A-06DC-90CB-0A14-5C5F0023A237}.Debug|x86.Build.0 = Debug|x86
		{4863B19A-06DC-90CB-0A14-5C5F0023A237}.Release|x86.ActiveCfg = Release|x86
		{4863B19A-06DC-90CB-0A14-5C5F0023A237}.Release|x86.Build.0 = Release|x86
		{3E867194-BFE6-E5EC-F39F-63AF6A5304FF}.Debug|Any CPU.ActiveCfg = Debug|x86
		{3E867194-BFE6-E5EC-F39F-63AF6A5304FF}.Debug|Any CPU.Build.0 = Debug|x86
		{3E867194-BFE6-E5EC-F39F-63AF6A5304FF}.Release|Any CPU.ActiveCfg = Release|x86
		{3E867194-BFE6-E5EC-F39F-63AF6A5304FF}.Release|Any CPU.Build.0 = Release|x86
		{3E867194-BFE6-E5EC-F39F-63AF6A5304FF}.Default|Any CPU.ActiveCfg = Debug|x86
		{3E867194-BFE6-E5EC-F39F-63AF6A5304FF}.Default|Any CPU.Build.0 = Debug|x86
		{3E867194-BFE6-E5EC-F39F-63AF6A5304FF}.AppStore|Any CPU.ActiveCfg = Debug|x86
		{3E867194-BFE6-E5EC-F39F-63AF6A5304FF}.AppStore|Any CPU.Build.0 = Debug|x86
		{3E867194-BFE6-E5EC-F39F-63AF6A5304FF}.Debug|x86.ActiveCfg = Debug|x86
		{3E867194-BFE6-E5EC-F39F-63AF6A5304FF}.Debug|x86.Build.0 = Debug|x86
		{3E867194-BFE6-E5EC-F39F-63AF6A5304FF}.Release|x86.ActiveCfg = Release|x86
		{3E867194-BFE6-E5EC-F39F-63AF6A5304FF}.Release|x86.Build.0 = Release|x86
		{C74FC111-C78B-3723-456C-FBCA7CDA5147}.Debug|Any CPU.ActiveCfg = Debug|x86
		{C74FC111-C78B-3723-456C-FBCA7CDA5147}.Debug|Any CPU.Build.0 = Debug|x86
		{C74FC111-C78B-3723-456C-FBCA7CDA5147}.Release|Any CPU.ActiveCfg = Release|x86
		{C74FC111-C78B-3723-456C-FBCA7CDA5147}.Release|Any CPU.Build.0 = Release|x86
		{C74FC111-C78B-3723-456C-FBCA7CDA5147}.Default|Any CPU.ActiveCfg = Debug|x86
		{C74FC111-C78B-3723-456C-FBCA7CDA5147}.Default|Any CPU.Build.0 = Debug|x86
		{C74FC111-C78B-3723-456C-FBCA7CDA5147}.AppStore|Any CPU.ActiveCfg = Debug|x86
		{C74FC111-C78B-3723-456C-FBCA7CDA5147}.AppStore|Any CPU.Build.0 = Debug|x86
		{C74FC111-C78B-3723-456C-FBCA7CDA5147}.Debug|x86.ActiveCfg = Debug|x86
		{C74FC111-C78B-3723-456C-FBCA7CDA5147}.Debug|x86.Build.0 = Debug|x86
		{C74FC111-C78B-3723-456C-FBCA7CDA5147}.Release|x86.ActiveCfg = Release|x86
		{C74FC111-C78B-3723-456C-FBCA7CDA5147}.Release|x86.Build.0 = Release|x86
		{FD385098-B3FD-4331-92BF-CC1F918E3334}.Debug|Any CPU.ActiveCfg = Debug|x86
		{FD385098-B3FD-4331-92BF-CC1F918E3334}.Debug|Any CPU.Build.0 = Debug|x86
		{FD385098-B3FD-4331-92BF-CC1F918E3334}.Release|Any CPU.ActiveCfg = Release|x86
		{FD385098-B3FD-4331-92BF-CC1F918E3334}.Release|Any CPU.Build.0 = Release|x86
		{FD385098-B3FD-4331-92BF-CC1F918E3334}.Default|Any CPU.ActiveCfg = Debug|x86
		{FD385098-B3FD-4331-92BF-CC1F918E3334}.Default|Any CPU.Build.0 = Debug|x86
		{FD385098-B3FD-4331-92BF-CC1F918E3334}.AppStore|Any CPU.ActiveCfg = Debug|x86
		{FD385098-B3FD-4331-92BF-CC1F918E3334}.AppStore|Any CPU.Build.0 = Debug|x86
		{FD385098-B3FD-4331-92BF-CC1F918E3334}.Debug|x86.ActiveCfg = Debug|x86
		{FD385098-B3FD-4331-92BF-CC1F918E3334}.Debug|x86.Build.0 = Debug|x86
		{FD385098-B3FD-4331-92BF-CC1F918E3334}.Release|x86.ActiveCfg = Release|x86
		{FD385098-B3FD-4331-92BF-CC1F918E3334}.Release|x86.Build.0 = Release|x86
		{E70715C3-299F-6FD5-E1C1-21949351D4B8}.Debug|Any CPU.ActiveCfg = Debug|x86
		{E70715C3-299F-6FD5-E1C1-21949351D4B8}.Debug|Any CPU.Build.0 = Debug|x86
		{E70715C3-299F-6FD5-E1C1-21949351D4B8}.Release|Any CPU.ActiveCfg = Release|x86
		{E70715C3-299F-6FD5-E1C1-21949351D4B8}.Release|Any CPU.Build.0 = Release|x86
		{E70715C3-299F-6FD5-E1C1-21949351D4B8}.Default|Any CPU.ActiveCfg = Debug|x86
		{E70715C3-299F-6FD5-E1C1-21949351D4B8}.Default|Any CPU.Build.0 = Debug|x86
		{E70715C3-299F-6FD5-E1C1-21949351D4B8}.AppStore|Any CPU.ActiveCfg = Debug|x86
		{E70715C3-299F-6FD5-E1C1-21949351D4B8}.AppStore|Any CPU.Build.0 = Debug|x86
		{E70715C3-299F-6FD5-E1C1-21949351D4B8}.Debug|x86.ActiveCfg = Debug|x86
		{E70715C3-299F-6FD5-E1C1-21949351D4B8}.Debug|x86.Build.0 = Debug|x86
		{E70715C3-299F-6FD5-E1C1-21949351D4B8}.Release|x86.ActiveCfg = Release|x86
		{E70715C3-299F-6FD5-E1C1-21949351D4B8}.Release|x86.Build.0 = Release|x86
		{A99E2CFD-3D03-D274-8E2C-036F0B00132F}.Debug|Any CPU.ActiveCfg = Debug|x86
		{A99E2CFD-3D03-D274-8E2C-036F0B00132F}.Debug|Any CPU.Build.0 = Debug|x86
		{A99E2CFD-3D03-D274-8E2C-036F0B00132F}.Release|Any CPU.ActiveCfg = Release|x86
		{A99E2CFD-3D03-D274-8E2C-036F0B00132F}.Release|Any CPU.Build.0 = Release|x86
		{A99E2CFD-3D03-D274-8E2C-036F0B00132F}.Default|Any CPU.ActiveCfg = Debug|x86
		{A99E2CFD-3D03-D274-8E2C-036F0B00132F}.Default|Any CPU.Build.0 = Debug|x86
		{A99E2CFD-3D03-D274-8E2C-036F0B00132F}.AppStore|Any CPU.ActiveCfg = Debug|x86
		{A99E2CFD-3D03-D274-8E2C-036F0B00132F}.AppStore|Any CPU.Build.0 = Debug|x86
		{A99E2CFD-3D03-D274-8E2C-036F0B00132F}.Debug|x86.ActiveCfg = Debug|x86
		{A99E2CFD-3D03-D274-8E2C-036F0B00132F}.Debug|x86.Build.0 = Debug|x86
		{A99E2CFD-3D03-D274-8E2C-036F0B00132F}.Release|x86.ActiveCfg = Release|x86
		{A99E2CFD-3D03-D274-8E2C-036F0B00132F}.Release|x86.Build.0 = Release|x86
		{50CD2B87-A83C-1A43-A4B0-EA349E7082A5}.Debug|Any CPU.ActiveCfg = Debug|x86
		{50CD2B87-A83C-1A43-A4B0-EA349E7082A5}.Debug|Any CPU.Build.0 = Debug|x86
		{50CD2B87-A83C-1A43-A4B0-EA349E7082A5}.Release|Any CPU.ActiveCfg = Release|x86
		{50CD2B87-A83C-1A43-A4B0-EA349E7082A5}.Release|Any CPU.Build.0 = Release|x86
		{50CD2B87-A83C-1A43-A4B0-EA349E7082A5}.Default|Any CPU.ActiveCfg = Debug|x86
		{50CD2B87-A83C-1A43-A4B0-EA349E7082A5}.Default|Any CPU.Build.0 = Debug|x86
		{50CD2B87-A83C-1A43-A4B0-EA349E7082A5}.AppStore|Any CPU.ActiveCfg = Debug|x86
		{50CD2B87-A83C-1A43-A4B0-EA349E7082A5}.AppStore|Any CPU.Build.0 = Debug|x86
		{50CD2B87-A83C-1A43-A4B0-EA349E7082A5}.Debug|x86.ActiveCfg = Debug|x86
		{50CD2B87-A83C-1A43-A4B0-EA349E7082A5}.Debug|x86.Build.0 = Debug|x86
		{50CD2B87-A83C-1A43-A4B0-EA349E7082A5}.Release|x86.ActiveCfg = Release|x86
		{50CD2B87-A83C-1A43-A4B0-EA349E7082A5}.Release|x86.Build.0 = Release|x86
		{4C943B12-C5AF-4CD4-B583-B4011D13CAAB}.Debug|Any CPU.ActiveCfg = Debug|x86
		{4C943B12-C5AF-4CD4-B583-B4011D13CAAB}.Debug|Any CPU.Build.0 = Debug|x86
		{4C943B12-C5AF-4CD4-B583-B4011D13CAAB}.Release|Any CPU.ActiveCfg = Debug|x86
		{4C943B12-C5AF-4CD4-B583-B4011D13CAAB}.Release|Any CPU.Build.0 = Debug|x86
		{4C943B12-C5AF-4CD4-B583-B4011D13CAAB}.Default|Any CPU.ActiveCfg = Debug|Any CPU
		{4C943B12-C5AF-4CD4-B583-B4011D13CAAB}.Default|Any CPU.Build.0 = Debug|Any CPU
		{4C943B12-C5AF-4CD4-B583-B4011D13CAAB}.AppStore|Any CPU.ActiveCfg = Debug|Any CPU
		{4C943B12-C5AF-4CD4-B583-B4011D13CAAB}.AppStore|Any CPU.Build.0 = Debug|Any CPU
		{4C943B12-C5AF-4CD4-B583-B4011D13CAAB}.Debug|x86.ActiveCfg = Debug|Any CPU
		{4C943B12-C5AF-4CD4-B583-B4011D13CAAB}.Debug|x86.Build.0 = Debug|Any CPU
		{4C943B12-C5AF-4CD4-B583-B4011D13CAAB}.Release|x86.ActiveCfg = Release|Any CPU
		{4C943B12-C5AF-4CD4-B583-B4011D13CAAB}.Release|x86.Build.0 = Release|Any CPU
		{F5FF0F5E-0C30-4719-A2B1-5DAE33D1E579}.Debug|Any CPU.ActiveCfg = Debug|x86
		{F5FF0F5E-0C30-4719-A2B1-5DAE33D1E579}.Debug|Any CPU.Build.0 = Debug|x86
		{F5FF0F5E-0C30-4719-A2B1-5DAE33D1E579}.Release|Any CPU.ActiveCfg = Debug|x86
		{F5FF0F5E-0C30-4719-A2B1-5DAE33D1E579}.Release|Any CPU.Build.0 = Debug|x86
		{F5FF0F5E-0C30-4719-A2B1-5DAE33D1E579}.Default|Any CPU.ActiveCfg = Debug|x86
		{F5FF0F5E-0C30-4719-A2B1-5DAE33D1E579}.Default|Any CPU.Build.0 = Debug|x86
		{F5FF0F5E-0C30-4719-A2B1-5DAE33D1E579}.AppStore|Any CPU.ActiveCfg = Debug|x86
		{F5FF0F5E-0C30-4719-A2B1-5DAE33D1E579}.AppStore|Any CPU.Build.0 = Debug|x86
		{F5FF0F5E-0C30-4719-A2B1-5DAE33D1E579}.Debug|x86.ActiveCfg = Debug|x86
		{F5FF0F5E-0C30-4719-A2B1-5DAE33D1E579}.Debug|x86.Build.0 = Debug|x86
		{F5FF0F5E-0C30-4719-A2B1-5DAE33D1E579}.Release|x86.ActiveCfg = Release|x86
		{F5FF0F5E-0C30-4719-A2B1-5DAE33D1E579}.Release|x86.Build.0 = Release|x86
		{20BEA313-7E2D-4209-93C0-E4D99C72695A}.Debug|Any CPU.ActiveCfg = Debug|Any CPU
		{20BEA313-7E2D-4209-93C0-E4D99C72695A}.Debug|Any CPU.Build.0 = Debug|Any CPU
		{20BEA313-7E2D-4209-93C0-E4D99C72695A}.Release|Any CPU.ActiveCfg = Release|Any CPU
		{20BEA313-7E2D-4209-93C0-E4D99C72695A}.Release|Any CPU.Build.0 = Release|Any CPU
		{20BEA313-7E2D-4209-93C0-E4D99C72695A}.Default|Any CPU.ActiveCfg = Debug|Any CPU
		{20BEA313-7E2D-4209-93C0-E4D99C72695A}.Default|Any CPU.Build.0 = Debug|Any CPU
		{20BEA313-7E2D-4209-93C0-E4D99C72695A}.AppStore|Any CPU.ActiveCfg = Debug|Any CPU
		{20BEA313-7E2D-4209-93C0-E4D99C72695A}.AppStore|Any CPU.Build.0 = Debug|Any CPU
		{20BEA313-7E2D-4209-93C0-E4D99C72695A}.Debug|x86.ActiveCfg = Debug|Any CPU
		{20BEA313-7E2D-4209-93C0-E4D99C72695A}.Debug|x86.Build.0 = Debug|Any CPU
		{20BEA313-7E2D-4209-93C0-E4D99C72695A}.Release|x86.ActiveCfg = Release|Any CPU
		{20BEA313-7E2D-4209-93C0-E4D99C72695A}.Release|x86.Build.0 = Release|Any CPU
		{8FB17C3E-8642-8932-FAF9-FA0CE001FEC5}.Debug|Any CPU.ActiveCfg = Debug|x86
		{8FB17C3E-8642-8932-FAF9-FA0CE001FEC5}.Debug|Any CPU.Build.0 = Debug|x86
		{8FB17C3E-8642-8932-FAF9-FA0CE001FEC5}.Release|Any CPU.ActiveCfg = Release|x86
		{8FB17C3E-8642-8932-FAF9-FA0CE001FEC5}.Release|Any CPU.Build.0 = Release|x86
		{8FB17C3E-8642-8932-FAF9-FA0CE001FEC5}.Default|Any CPU.ActiveCfg = Debug|x86
		{8FB17C3E-8642-8932-FAF9-FA0CE001FEC5}.Default|Any CPU.Build.0 = Debug|x86
		{8FB17C3E-8642-8932-FAF9-FA0CE001FEC5}.AppStore|Any CPU.ActiveCfg = Debug|x86
		{8FB17C3E-8642-8932-FAF9-FA0CE001FEC5}.AppStore|Any CPU.Build.0 = Debug|x86
		{8FB17C3E-8642-8932-FAF9-FA0CE001FEC5}.Debug|x86.ActiveCfg = Debug|x86
		{8FB17C3E-8642-8932-FAF9-FA0CE001FEC5}.Debug|x86.Build.0 = Debug|x86
		{8FB17C3E-8642-8932-FAF9-FA0CE001FEC5}.Release|x86.ActiveCfg = Release|x86
		{8FB17C3E-8642-8932-FAF9-FA0CE001FEC5}.Release|x86.Build.0 = Release|x86
		{A19E7BA3-FB49-480B-9C8A-07A1DA5D5EB4}.Debug|Any CPU.ActiveCfg = Debug|Any CPU
		{A19E7BA3-FB49-480B-9C8A-07A1DA5D5EB4}.Debug|Any CPU.Build.0 = Debug|Any CPU
		{A19E7BA3-FB49-480B-9C8A-07A1DA5D5EB4}.Release|Any CPU.ActiveCfg = Release|Any CPU
		{A19E7BA3-FB49-480B-9C8A-07A1DA5D5EB4}.Release|Any CPU.Build.0 = Release|Any CPU
		{A19E7BA3-FB49-480B-9C8A-07A1DA5D5EB4}.Default|Any CPU.ActiveCfg = Debug|Any CPU
		{A19E7BA3-FB49-480B-9C8A-07A1DA5D5EB4}.Default|Any CPU.Build.0 = Debug|Any CPU
		{A19E7BA3-FB49-480B-9C8A-07A1DA5D5EB4}.AppStore|Any CPU.ActiveCfg = Debug|Any CPU
		{A19E7BA3-FB49-480B-9C8A-07A1DA5D5EB4}.AppStore|Any CPU.Build.0 = Debug|Any CPU
		{A19E7BA3-FB49-480B-9C8A-07A1DA5D5EB4}.Debug|x86.ActiveCfg = Debug|Any CPU
		{A19E7BA3-FB49-480B-9C8A-07A1DA5D5EB4}.Debug|x86.Build.0 = Debug|Any CPU
		{A19E7BA3-FB49-480B-9C8A-07A1DA5D5EB4}.Release|x86.ActiveCfg = Release|Any CPU
		{A19E7BA3-FB49-480B-9C8A-07A1DA5D5EB4}.Release|x86.Build.0 = Release|Any CPU
	EndGlobalSection
EndGlobal
