
Microsoft Visual Studio Solution File, Format Version 11.00
# Visual Studio 2010
Project("{FAE04EC0-301F-11D3-BF4B-00C04F79EFBC}") = "xtro-sharpie", "xtro-sharpie.csproj", "{D890A042-93C2-4B4B-ABF8-7ECBCBF059D8}"
EndProject
Project("{FAE04EC0-301F-11D3-BF4B-00C04F79EFBC}") = "xtro-report", "xtro-report\xtro-report.csproj", "{F3CFAA8D-3D2D-4F7F-9C71-5488CFEB5EB3}"
EndProject
Project("{FAE04EC0-301F-11D3-BF4B-00C04F79EFBC}") = "xtro-sanity", "xtro-sanity\xtro-sanity.csproj", "{E4D9B627-EF24-43AF-B6F2-60F38694C905}"
EndProject
Project("{FAE04EC0-301F-11D3-BF4B-00C04F79EFBC}") = "u2todo", "u2todo\u2todo.csproj", "{244C7FD0-39C9-49F7-8D88-A954EA8DFFF6}"
EndProject
Global
	GlobalSection(SolutionConfigurationPlatforms) = preSolution
		Debug|Any CPU = Debug|Any CPU
		Release|Any CPU = Release|Any CPU
	EndGlobalSection
	GlobalSection(ProjectConfigurationPlatforms) = postSolution
		{D890A042-93C2-4B4B-ABF8-7ECBCBF059D8}.Debug|Any CPU.ActiveCfg = Debug|Any CPU
		{D890A042-93C2-4B4B-ABF8-7ECBCBF059D8}.Debug|Any CPU.Build.0 = Debug|Any CPU
		{D890A042-93C2-4B4B-ABF8-7ECBCBF059D8}.Release|Any CPU.ActiveCfg = Release|Any CPU
		{D890A042-93C2-4B4B-ABF8-7ECBCBF059D8}.Release|Any CPU.Build.0 = Release|Any CPU
		{F3CFAA8D-3D2D-4F7F-9C71-5488CFEB5EB3}.Debug|Any CPU.ActiveCfg = Debug|Any CPU
		{F3CFAA8D-3D2D-4F7F-9C71-5488CFEB5EB3}.Debug|Any CPU.Build.0 = Debug|Any CPU
		{F3CFAA8D-3D2D-4F7F-9C71-5488CFEB5EB3}.Release|Any CPU.ActiveCfg = Release|Any CPU
		{F3CFAA8D-3D2D-4F7F-9C71-5488CFEB5EB3}.Release|Any CPU.Build.0 = Release|Any CPU
		{E4D9B627-EF24-43AF-B6F2-60F38694C905}.Debug|Any CPU.ActiveCfg = Debug|Any CPU
		{E4D9B627-EF24-43AF-B6F2-60F38694C905}.Debug|Any CPU.Build.0 = Debug|Any CPU
		{E4D9B627-EF24-43AF-B6F2-60F38694C905}.Release|Any CPU.ActiveCfg = Release|Any CPU
		{E4D9B627-EF24-43AF-B6F2-60F38694C905}.Release|Any CPU.Build.0 = Release|Any CPU
		{244C7FD0-39C9-49F7-8D88-A954EA8DFFF6}.Debug|Any CPU.ActiveCfg = Debug|Any CPU
		{244C7FD0-39C9-49F7-8D88-A954EA8DFFF6}.Debug|Any CPU.Build.0 = Debug|Any CPU
		{244C7FD0-39C9-49F7-8D88-A954EA8DFFF6}.Release|Any CPU.ActiveCfg = Release|Any CPU
		{244C7FD0-39C9-49F7-8D88-A954EA8DFFF6}.Release|Any CPU.Build.0 = Release|Any CPU
	EndGlobalSection
EndGlobal
