Microsoft Visual Studio Solution File, Format Version 12.00
# Visual Studio Version 16
VisualStudioVersion = 16.0.29411.138
MinimumVisualStudioVersion = 10.0.40219.1
Project("{FAE04EC0-301F-11D3-BF4B-00C04F79EFBC}") = "Xamarin.PreBuilt.iOS", "Xamarin.PreBuilt.iOS\Xamarin.PreBuilt.iOS.csproj", "{CA6E0AA8-7FF0-45DA-BFC9-DBC2B4FB55C0}"
EndProject
Global
	GlobalSection(SolutionConfigurationPlatforms) = preSolution
		Debug|Any CPU = Debug|Any CPU
		Release|Any CPU = Release|Any CPU
	EndGlobalSection
	GlobalSection(ProjectConfigurationPlatforms) = postSolution
		{CA6E0AA8-7FF0-45DA-BFC9-DBC2B4FB55C0}.Debug|Any CPU.ActiveCfg = Debug|Any CPU
		{CA6E0AA8-7FF0-45DA-BFC9-DBC2B4FB55C0}.Debug|Any CPU.Build.0 = Debug|Any CPU
		{CA6E0AA8-7FF0-45DA-BFC9-DBC2B4FB55C0}.Release|Any CPU.ActiveCfg = Release|Any CPU
		{CA6E0AA8-7FF0-45DA-BFC9-DBC2B4FB55C0}.Release|Any CPU.Build.0 = Release|Any CPU
	EndGlobalSection
	GlobalSection(SolutionProperties) = preSolution
		HideSolutionNode = FALSE
	EndGlobalSection
	GlobalSection(ExtensibilityGlobals) = postSolution
		SolutionGuid = {4F35FA41-BF70-4770-ADFD-D7F760F511B1}
	EndGlobalSection
EndGlobal
