
Microsoft Visual Studio Solution File, Format Version 12.00
# Visual Studio Version 16
VisualStudioVersion = 25.0.1700.0
MinimumVisualStudioVersion = 10.0.40219.1
Project("{FAE04EC0-301F-11D3-BF4B-00C04F79EFBC}") = "MauiForms.iOS", "MauiForms.iOS\MauiForms.iOS.csproj", "{86CBDB6A-3AEF-48EA-8205-8FF9C93065D9}"
EndProject
Project("{FAE04EC0-301F-11D3-BF4B-00C04F79EFBC}") = "MauiForms", "MauiForms\MauiForms.csproj", "{ACE524D0-6E10-456B-A88E-8E711C3C72F1}"
EndProject
Global
	GlobalSection(SolutionConfigurationPlatforms) = preSolution
		Debug|iPhoneSimulator = Debug|iPhoneSimulator
		Release|iPhoneSimulator = Release|iPhoneSimulator
		Debug|iPhone = Debug|iPhone
		Release|iPhone = Release|iPhone
		Debug|Any CPU = Debug|Any CPU
		Release|Any CPU = Release|Any CPU
	EndGlobalSection
	GlobalSection(ProjectConfigurationPlatforms) = postSolution
		{86CBDB6A-3AEF-48EA-8205-8FF9C93065D9}.Debug|iPhoneSimulator.ActiveCfg = Debug|iPhoneSimulator
		{86CBDB6A-3AEF-48EA-8205-8FF9C93065D9}.Debug|iPhoneSimulator.Build.0 = Debug|iPhoneSimulator
		{86CBDB6A-3AEF-48EA-8205-8FF9C93065D9}.Release|iPhoneSimulator.ActiveCfg = Release|iPhoneSimulator
		{86CBDB6A-3AEF-48EA-8205-8FF9C93065D9}.Release|iPhoneSimulator.Build.0 = Release|iPhoneSimulator
		{86CBDB6A-3AEF-48EA-8205-8FF9C93065D9}.Debug|iPhone.ActiveCfg = Debug|iPhone
		{86CBDB6A-3AEF-48EA-8205-8FF9C93065D9}.Debug|iPhone.Build.0 = Debug|iPhone
		{86CBDB6A-3AEF-48EA-8205-8FF9C93065D9}.Release|iPhone.ActiveCfg = Release|iPhone
		{86CBDB6A-3AEF-48EA-8205-8FF9C93065D9}.Release|iPhone.Build.0 = Release|iPhone
		{86CBDB6A-3AEF-48EA-8205-8FF9C93065D9}.Debug|Any CPU.ActiveCfg = Debug|iPhoneSimulator
		{86CBDB6A-3AEF-48EA-8205-8FF9C93065D9}.Debug|Any CPU.Build.0 = Debug|iPhoneSimulator
		{86CBDB6A-3AEF-48EA-8205-8FF9C93065D9}.Release|Any CPU.ActiveCfg = Release|iPhoneSimulator
		{86CBDB6A-3AEF-48EA-8205-8FF9C93065D9}.Release|Any CPU.Build.0 = Release|iPhoneSimulator
		{ACE524D0-6E10-456B-A88E-8E711C3C72F1}.Debug|iPhoneSimulator.ActiveCfg = Debug|Any CPU
		{ACE524D0-6E10-456B-A88E-8E711C3C72F1}.Debug|iPhoneSimulator.Build.0 = Debug|Any CPU
		{ACE524D0-6E10-456B-A88E-8E711C3C72F1}.Release|iPhoneSimulator.ActiveCfg = Release|Any CPU
		{ACE524D0-6E10-456B-A88E-8E711C3C72F1}.Release|iPhoneSimulator.Build.0 = Release|Any CPU
		{ACE524D0-6E10-456B-A88E-8E711C3C72F1}.Debug|iPhone.ActiveCfg = Debug|Any CPU
		{ACE524D0-6E10-456B-A88E-8E711C3C72F1}.Debug|iPhone.Build.0 = Debug|Any CPU
		{ACE524D0-6E10-456B-A88E-8E711C3C72F1}.Release|iPhone.ActiveCfg = Release|Any CPU
		{ACE524D0-6E10-456B-A88E-8E711C3C72F1}.Release|iPhone.Build.0 = Release|Any CPU
		{ACE524D0-6E10-456B-A88E-8E711C3C72F1}.Debug|Any CPU.ActiveCfg = Debug|Any CPU
		{ACE524D0-6E10-456B-A88E-8E711C3C72F1}.Debug|Any CPU.Build.0 = Debug|Any CPU
		{ACE524D0-6E10-456B-A88E-8E711C3C72F1}.Release|Any CPU.ActiveCfg = Release|Any CPU
		{ACE524D0-6E10-456B-A88E-8E711C3C72F1}.Release|Any CPU.Build.0 = Release|Any CPU
	EndGlobalSection
	GlobalSection(SolutionProperties) = preSolution
		HideSolutionNode = FALSE
	EndGlobalSection
	GlobalSection(ExtensibilityGlobals) = postSolution
		SolutionGuid = {0C0BAF66-2E02-4F6E-B964-5DCB9E4A03CB}
	EndGlobalSection
EndGlobal
