
Microsoft Visual Studio Solution File, Format Version 12.00
# Visual Studio 15
Project("{FAE04EC0-301F-11D3-BF4B-00C04F79EFBC}") = "mono-native", "mono-native.csproj", "{26125265-2204-4514-A572-36079CA4F925}"
EndProject
Global
	GlobalSection(SolutionConfigurationPlatforms) = preSolution
		Debug|iPhoneSimulator = Debug|iPhoneSimulator
		Release|iPhoneSimulator = Release|iPhoneSimulator
		Debug|iPhone = Debug|iPhone
		Debug32|iPhone = Debug32|iPhone
		Debug64|iPhone = Debug64|iPhone
		Release|iPhone = Release|iPhone
		Release32|iPhone = Release32|iPhone
		Release64|iPhone = Release64|iPhone
		Release-bitcode|iPhone = Release-bitcode|iPhone
	EndGlobalSection
	GlobalSection(ProjectConfigurationPlatforms) = postSolution
		{26125265-2204-4514-A572-36079CA4F925}.Debug|iPhoneSimulator.ActiveCfg = Debug|iPhoneSimulator
		{26125265-2204-4514-A572-36079CA4F925}.Debug|iPhoneSimulator.Build.0 = Debug|iPhoneSimulator
		{26125265-2204-4514-A572-36079CA4F925}.Release|iPhoneSimulator.ActiveCfg = Release|iPhoneSimulator
		{26125265-2204-4514-A572-36079CA4F925}.Release|iPhoneSimulator.Build.0 = Release|iPhoneSimulator
		{26125265-2204-4514-A572-36079CA4F925}.Debug|iPhone.ActiveCfg = Debug|iPhone
		{26125265-2204-4514-A572-36079CA4F925}.Debug|iPhone.Build.0 = Debug|iPhone
		{26125265-2204-4514-A572-36079CA4F925}.Debug32|iPhone.ActiveCfg = Debug32|iPhone
		{26125265-2204-4514-A572-36079CA4F925}.Debug32|iPhone.Build.0 = Debug32|iPhone
		{26125265-2204-4514-A572-36079CA4F925}.Debug64|iPhone.ActiveCfg = Debug64|iPhone
		{26125265-2204-4514-A572-36079CA4F925}.Debug64|iPhone.Build.0 = Debug64|iPhone
		{26125265-2204-4514-A572-36079CA4F925}.Release|iPhone.ActiveCfg = Release|iPhone
		{26125265-2204-4514-A572-36079CA4F925}.Release|iPhone.Build.0 = Release|iPhone
		{26125265-2204-4514-A572-36079CA4F925}.Release32|iPhone.ActiveCfg = Release32|iPhone
		{26125265-2204-4514-A572-36079CA4F925}.Release32|iPhone.Build.0 = Release32|iPhone
		{26125265-2204-4514-A572-36079CA4F925}.Release64|iPhone.ActiveCfg = Release64|iPhone
		{26125265-2204-4514-A572-36079CA4F925}.Release64|iPhone.Build.0 = Release64|iPhone
		{26125265-2204-4514-A572-36079CA4F925}.Release-bitcode|iPhone.ActiveCfg = Release-bitcode|iPhone
		{26125265-2204-4514-A572-36079CA4F925}.Release-bitcode|iPhone.Build.0 = Release-bitcode|iPhone
	EndGlobalSection
EndGlobal
