
Microsoft Visual Studio Solution File, Format Version 12.00
# Visual Studio 2012
Project("{FAE04EC0-301F-11D3-BF4B-00C04F79EFBC}") = "MarsHabitatPricePredictor", "MarsHabitatPricePredictor.csproj", "{E48B2AC4-C945-4926-A6D5-9D4DB89786F9}"
EndProject
Global
	GlobalSection(SolutionConfigurationPlatforms) = preSolution
		Debug|iPhoneSimulator = Debug|iPhoneSimulator
		Release|iPhone = Release|iPhone
		Release|iPhoneSimulator = Release|iPhoneSimulator
		Debug|iPhone = Debug|iPhone
	EndGlobalSection
	GlobalSection(ProjectConfigurationPlatforms) = postSolution
		{E48B2AC4-C945-4926-A6D5-9D4DB89786F9}.Debug|iPhoneSimulator.ActiveCfg = Debug|iPhoneSimulator
		{E48B2AC4-C945-4926-A6D5-9D4DB89786F9}.Debug|iPhoneSimulator.Build.0 = Debug|iPhoneSimulator
		{E48B2AC4-C945-4926-A6D5-9D4DB89786F9}.Release|iPhone.ActiveCfg = Release|iPhone
		{E48B2AC4-C945-4926-A6D5-9D4DB89786F9}.Release|iPhone.Build.0 = Release|iPhone
		{E48B2AC4-C945-4926-A6D5-9D4DB89786F9}.Release|iPhoneSimulator.ActiveCfg = Release|iPhoneSimulator
		{E48B2AC4-C945-4926-A6D5-9D4DB89786F9}.Release|iPhoneSimulator.Build.0 = Release|iPhoneSimulator
		{E48B2AC4-C945-4926-A6D5-9D4DB89786F9}.Debug|iPhone.ActiveCfg = Debug|iPhone
		{E48B2AC4-C945-4926-A6D5-9D4DB89786F9}.Debug|iPhone.Build.0 = Debug|iPhone
	EndGlobalSection
EndGlobal
